// !$*UTF8*$!
{
	archiveVersion = 1;
	classes = {
	};
	objectVersion = 55;
	objects = {

/* Begin PBXBuildFile section */
		C94BF12E287509B900493B08 /* LandmarkDetail.swift in Sources */ = {isa = PBXBuildFile; fileRef = C94BF12D287509B900493B08 /* LandmarkDetail.swift */; };
		C95A784A28765D0D007CB905 /* FavoriteButton.swift in Sources */ = {isa = PBXBuildFile; fileRef = C95A784928765D0D007CB905 /* FavoriteButton.swift */; };
		C95ACEA328610D5A002CD608 /* LandmarksApp.swift in Sources */ = {isa = PBXBuildFile; fileRef = C95ACEA228610D5A002CD608 /* LandmarksApp.swift */; };
		C95ACEA528610D5A002CD608 /* ContentView.swift in Sources */ = {isa = PBXBuildFile; fileRef = C95ACEA428610D5A002CD608 /* ContentView.swift */; };
		C95ACEA728610D5B002CD608 /* Assets.xcassets in Resources */ = {isa = PBXBuildFile; fileRef = C95ACEA628610D5B002CD608 /* Assets.xcassets */; };
		C95ACEAA28610D5B002CD608 /* Preview Assets.xcassets in Resources */ = {isa = PBXBuildFile; fileRef = C95ACEA928610D5B002CD608 /* Preview Assets.xcassets */; };
		C95ACEB428610D5B002CD608 /* LandmarksTests.swift in Sources */ = {isa = PBXBuildFile; fileRef = C95ACEB328610D5B002CD608 /* LandmarksTests.swift */; };
		C95ACEBE28610D5B002CD608 /* LandmarksUITests.swift in Sources */ = {isa = PBXBuildFile; fileRef = C95ACEBD28610D5B002CD608 /* LandmarksUITests.swift */; };
		C95ACEC028610D5B002CD608 /* LandmarksUITestsLaunchTests.swift in Sources */ = {isa = PBXBuildFile; fileRef = C95ACEBF28610D5B002CD608 /* LandmarksUITestsLaunchTests.swift */; };
		C960785F28726D5500A0649C /* CircleImage.swift in Sources */ = {isa = PBXBuildFile; fileRef = C960785E28726D5500A0649C /* CircleImage.swift */; };
		C960786128726E0A00A0649C /* MapView.swift in Sources */ = {isa = PBXBuildFile; fileRef = C960786028726E0A00A0649C /* MapView.swift */; };
		C967FB38287756D600D1B439 /* BadgeBackground.swift in Sources */ = {isa = PBXBuildFile; fileRef = C967FB37287756D600D1B439 /* BadgeBackground.swift */; };
		C967FB3A28775BCE00D1B439 /* BadgeSymbol.swift in Sources */ = {isa = PBXBuildFile; fileRef = C967FB3928775BCE00D1B439 /* BadgeSymbol.swift */; };
		C967FB3C2877746D00D1B439 /* Badge.swift in Sources */ = {isa = PBXBuildFile; fileRef = C967FB3B2877746D00D1B439 /* Badge.swift */; };
		C967FB3F2877780D00D1B439 /* hikeData.json in Resources */ = {isa = PBXBuildFile; fileRef = C967FB3E2877780D00D1B439 /* hikeData.json */; };
		C967FB41287779C800D1B439 /* Hike.swift in Sources */ = {isa = PBXBuildFile; fileRef = C967FB40287779C800D1B439 /* Hike.swift */; };
		C967FB4B28777BC900D1B439 /* GraphCapsule.swift in Sources */ = {isa = PBXBuildFile; fileRef = C967FB4728777BC900D1B439 /* GraphCapsule.swift */; };
		C967FB4C28777BC900D1B439 /* HikeGraph.swift in Sources */ = {isa = PBXBuildFile; fileRef = C967FB4828777BC900D1B439 /* HikeGraph.swift */; };
		C967FB4D28777BC900D1B439 /* HikeDetail.swift in Sources */ = {isa = PBXBuildFile; fileRef = C967FB4928777BC900D1B439 /* HikeDetail.swift */; };
		C967FB4E28777BC900D1B439 /* HikeView.swift in Sources */ = {isa = PBXBuildFile; fileRef = C967FB4A28777BC900D1B439 /* HikeView.swift */; };
		C967FB5028777D4B00D1B439 /* LICENSE.txt in Resources */ = {isa = PBXBuildFile; fileRef = C967FB4F28777D4B00D1B439 /* LICENSE.txt */; };
		C9A4D68928768E9500D4906C /* HexagonParameters.swift in Sources */ = {isa = PBXBuildFile; fileRef = C9A4D68828768E9500D4906C /* HexagonParameters.swift */; };
		C9BADF4C2873BDD0006E1FB8 /* LandmarkList.swift in Sources */ = {isa = PBXBuildFile; fileRef = C9BADF4B2873BDD0006E1FB8 /* LandmarkList.swift */; };
		C9C93CE3287294C800AF55D6 /* landmarkData.json in Resources */ = {isa = PBXBuildFile; fileRef = C9C93CE2287294C800AF55D6 /* landmarkData.json */; };
		C9C93CE62872951000AF55D6 /* Landmark.swift in Sources */ = {isa = PBXBuildFile; fileRef = C9C93CE52872951000AF55D6 /* Landmark.swift */; };
		C9C93CE8287296AB00AF55D6 /* ModelData.swift in Sources */ = {isa = PBXBuildFile; fileRef = C9C93CE7287296AB00AF55D6 /* ModelData.swift */; };
		C9C93CEB2872978200AF55D6 /* LandmarkRow.swift in Sources */ = {isa = PBXBuildFile; fileRef = C9C93CEA2872978200AF55D6 /* LandmarkRow.swift */; };
/* End PBXBuildFile section */

/* Begin PBXContainerItemProxy section */
		C95ACEB028610D5B002CD608 /* PBXContainerItemProxy */ = {
			isa = PBXContainerItemProxy;
			containerPortal = C95ACE9728610D5A002CD608 /* Project object */;
			proxyType = 1;
			remoteGlobalIDString = C95ACE9E28610D5A002CD608;
			remoteInfo = Landmarks;
		};
		C95ACEBA28610D5B002CD608 /* PBXContainerItemProxy */ = {
			isa = PBXContainerItemProxy;
			containerPortal = C95ACE9728610D5A002CD608 /* Project object */;
			proxyType = 1;
			remoteGlobalIDString = C95ACE9E28610D5A002CD608;
			remoteInfo = Landmarks;
		};
/* End PBXContainerItemProxy section */

/* Begin PBXFileReference section */
		C94BF12D287509B900493B08 /* LandmarkDetail.swift */ = {isa = PBXFileReference; lastKnownFileType = sourcecode.swift; path = LandmarkDetail.swift; sourceTree = "<group>"; };
		C95A784928765D0D007CB905 /* FavoriteButton.swift */ = {isa = PBXFileReference; lastKnownFileType = sourcecode.swift; path = FavoriteButton.swift; sourceTree = "<group>"; };
		C95ACE9F28610D5A002CD608 /* Landmarks.app */ = {isa = PBXFileReference; explicitFileType = wrapper.application; includeInIndex = 0; path = Landmarks.app; sourceTree = BUILT_PRODUCTS_DIR; };
		C95ACEA228610D5A002CD608 /* LandmarksApp.swift */ = {isa = PBXFileReference; lastKnownFileType = sourcecode.swift; path = LandmarksApp.swift; sourceTree = "<group>"; };
		C95ACEA428610D5A002CD608 /* ContentView.swift */ = {isa = PBXFileReference; lastKnownFileType = sourcecode.swift; path = ContentView.swift; sourceTree = "<group>"; };
		C95ACEA628610D5B002CD608 /* Assets.xcassets */ = {isa = PBXFileReference; lastKnownFileType = folder.assetcatalog; path = Assets.xcassets; sourceTree = "<group>"; };
		C95ACEA928610D5B002CD608 /* Preview Assets.xcassets */ = {isa = PBXFileReference; lastKnownFileType = folder.assetcatalog; path = "Preview Assets.xcassets"; sourceTree = "<group>"; };
		C95ACEAF28610D5B002CD608 /* LandmarksTests.xctest */ = {isa = PBXFileReference; explicitFileType = wrapper.cfbundle; includeInIndex = 0; path = LandmarksTests.xctest; sourceTree = BUILT_PRODUCTS_DIR; };
		C95ACEB328610D5B002CD608 /* LandmarksTests.swift */ = {isa = PBXFileReference; lastKnownFileType = sourcecode.swift; path = LandmarksTests.swift; sourceTree = "<group>"; };
		C95ACEB928610D5B002CD608 /* LandmarksUITests.xctest */ = {isa = PBXFileReference; explicitFileType = wrapper.cfbundle; includeInIndex = 0; path = LandmarksUITests.xctest; sourceTree = BUILT_PRODUCTS_DIR; };
		C95ACEBD28610D5B002CD608 /* LandmarksUITests.swift */ = {isa = PBXFileReference; lastKnownFileType = sourcecode.swift; path = LandmarksUITests.swift; sourceTree = "<group>"; };
		C95ACEBF28610D5B002CD608 /* LandmarksUITestsLaunchTests.swift */ = {isa = PBXFileReference; lastKnownFileType = sourcecode.swift; path = LandmarksUITestsLaunchTests.swift; sourceTree = "<group>"; };
		C960785E28726D5500A0649C /* CircleImage.swift */ = {isa = PBXFileReference; lastKnownFileType = sourcecode.swift; path = CircleImage.swift; sourceTree = "<group>"; };
		C960786028726E0A00A0649C /* MapView.swift */ = {isa = PBXFileReference; lastKnownFileType = sourcecode.swift; path = MapView.swift; sourceTree = "<group>"; };
		C967FB37287756D600D1B439 /* BadgeBackground.swift */ = {isa = PBXFileReference; lastKnownFileType = sourcecode.swift; path = BadgeBackground.swift; sourceTree = "<group>"; };
		C967FB3928775BCE00D1B439 /* BadgeSymbol.swift */ = {isa = PBXFileReference; lastKnownFileType = sourcecode.swift; path = BadgeSymbol.swift; sourceTree = "<group>"; };
		C967FB3B2877746D00D1B439 /* Badge.swift */ = {isa = PBXFileReference; lastKnownFileType = sourcecode.swift; path = Badge.swift; sourceTree = "<group>"; };
		C967FB3E2877780D00D1B439 /* hikeData.json */ = {isa = PBXFileReference; fileEncoding = 4; lastKnownFileType = text.json; path = hikeData.json; sourceTree = "<group>"; };
		C967FB40287779C800D1B439 /* Hike.swift */ = {isa = PBXFileReference; lastKnownFileType = sourcecode.swift; path = Hike.swift; sourceTree = "<group>"; };
		C967FB4728777BC900D1B439 /* GraphCapsule.swift */ = {isa = PBXFileReference; fileEncoding = 4; lastKnownFileType = sourcecode.swift; path = GraphCapsule.swift; sourceTree = "<group>"; };
		C967FB4828777BC900D1B439 /* HikeGraph.swift */ = {isa = PBXFileReference; fileEncoding = 4; lastKnownFileType = sourcecode.swift; path = HikeGraph.swift; sourceTree = "<group>"; };
		C967FB4928777BC900D1B439 /* HikeDetail.swift */ = {isa = PBXFileReference; fileEncoding = 4; lastKnownFileType = sourcecode.swift; path = HikeDetail.swift; sourceTree = "<group>"; };
		C967FB4A28777BC900D1B439 /* HikeView.swift */ = {isa = PBXFileReference; fileEncoding = 4; lastKnownFileType = sourcecode.swift; path = HikeView.swift; sourceTree = "<group>"; };
		C967FB4F28777D4B00D1B439 /* LICENSE.txt */ = {isa = PBXFileReference; fileEncoding = 4; lastKnownFileType = text; path = LICENSE.txt; sourceTree = "<group>"; };
		C9A4D68828768E9500D4906C /* HexagonParameters.swift */ = {isa = PBXFileReference; lastKnownFileType = sourcecode.swift; path = HexagonParameters.swift; sourceTree = "<group>"; };
		C9BADF4B2873BDD0006E1FB8 /* LandmarkList.swift */ = {isa = PBXFileReference; lastKnownFileType = sourcecode.swift; path = LandmarkList.swift; sourceTree = "<group>"; };
		C9C93CE2287294C800AF55D6 /* landmarkData.json */ = {isa = PBXFileReference; fileEncoding = 4; lastKnownFileType = text.json; path = landmarkData.json; sourceTree = "<group>"; };
		C9C93CE52872951000AF55D6 /* Landmark.swift */ = {isa = PBXFileReference; lastKnownFileType = sourcecode.swift; path = Landmark.swift; sourceTree = "<group>"; };
		C9C93CE7287296AB00AF55D6 /* ModelData.swift */ = {isa = PBXFileReference; lastKnownFileType = sourcecode.swift; path = ModelData.swift; sourceTree = "<group>"; };
		C9C93CEA2872978200AF55D6 /* LandmarkRow.swift */ = {isa = PBXFileReference; lastKnownFileType = sourcecode.swift; path = LandmarkRow.swift; sourceTree = "<group>"; };
/* End PBXFileReference section */

/* Begin PBXFrameworksBuildPhase section */
		C95ACE9C28610D5A002CD608 /* Frameworks */ = {
			isa = PBXFrameworksBuildPhase;
			buildActionMask = 2147483647;
			files = (
			);
			runOnlyForDeploymentPostprocessing = 0;
		};
		C95ACEAC28610D5B002CD608 /* Frameworks */ = {
			isa = PBXFrameworksBuildPhase;
			buildActionMask = 2147483647;
			files = (
			);
			runOnlyForDeploymentPostprocessing = 0;
		};
		C95ACEB628610D5B002CD608 /* Frameworks */ = {
			isa = PBXFrameworksBuildPhase;
			buildActionMask = 2147483647;
			files = (
			);
			runOnlyForDeploymentPostprocessing = 0;
		};
/* End PBXFrameworksBuildPhase section */

/* Begin PBXGroup section */
		C95A784B28765F09007CB905 /* Landmarks */ = {
			isa = PBXGroup;
			children = (
				C9C93CEA2872978200AF55D6 /* LandmarkRow.swift */,
				C9BADF4B2873BDD0006E1FB8 /* LandmarkList.swift */,
				C94BF12D287509B900493B08 /* LandmarkDetail.swift */,
			);
			path = Landmarks;
			sourceTree = "<group>";
		};
		C95A784C28765F15007CB905 /* Helpers */ = {
			isa = PBXGroup;
			children = (
				C960785E28726D5500A0649C /* CircleImage.swift */,
				C960786028726E0A00A0649C /* MapView.swift */,
				C95A784928765D0D007CB905 /* FavoriteButton.swift */,
			);
			path = Helpers;
			sourceTree = "<group>";
		};
		C95ACE9628610D5A002CD608 = {
			isa = PBXGroup;
			children = (
				C95ACEA128610D5A002CD608 /* Landmarks */,
				C95ACEB228610D5B002CD608 /* LandmarksTests */,
				C95ACEBC28610D5B002CD608 /* LandmarksUITests */,
				C95ACEA028610D5A002CD608 /* Products */,
			);
			sourceTree = "<group>";
		};
		C95ACEA028610D5A002CD608 /* Products */ = {
			isa = PBXGroup;
			children = (
				C95ACE9F28610D5A002CD608 /* Landmarks.app */,
				C95ACEAF28610D5B002CD608 /* LandmarksTests.xctest */,
				C95ACEB928610D5B002CD608 /* LandmarksUITests.xctest */,
			);
			name = Products;
			sourceTree = "<group>";
		};
		C95ACEA128610D5A002CD608 /* Landmarks */ = {
			isa = PBXGroup;
			children = (
				C967FB4F28777D4B00D1B439 /* LICENSE.txt */,
				C9C93CE92872973700AF55D6 /* Resources */,
				C9C93CE42872950100AF55D6 /* Models */,
				C960785D28726D2A00A0649C /* Views */,
				C95ACEA228610D5A002CD608 /* LandmarksApp.swift */,
				C95ACEA428610D5A002CD608 /* ContentView.swift */,
				C95ACEA628610D5B002CD608 /* Assets.xcassets */,
				C95ACEA828610D5B002CD608 /* Preview Content */,
			);
			path = Landmarks;
			sourceTree = "<group>";
		};
		C95ACEA828610D5B002CD608 /* Preview Content */ = {
			isa = PBXGroup;
			children = (
				C95ACEA928610D5B002CD608 /* Preview Assets.xcassets */,
			);
			path = "Preview Content";
			sourceTree = "<group>";
		};
		C95ACEB228610D5B002CD608 /* LandmarksTests */ = {
			isa = PBXGroup;
			children = (
				C95ACEB328610D5B002CD608 /* LandmarksTests.swift */,
			);
			path = LandmarksTests;
			sourceTree = "<group>";
		};
		C95ACEBC28610D5B002CD608 /* LandmarksUITests */ = {
			isa = PBXGroup;
			children = (
				C95ACEBD28610D5B002CD608 /* LandmarksUITests.swift */,
				C95ACEBF28610D5B002CD608 /* LandmarksUITestsLaunchTests.swift */,
			);
			path = LandmarksUITests;
			sourceTree = "<group>";
		};
		C960785D28726D2A00A0649C /* Views */ = {
			isa = PBXGroup;
			children = (
				C967FB4628777BC900D1B439 /* Hikes */,
				C95A784C28765F15007CB905 /* Helpers */,
				C95A784B28765F09007CB905 /* Landmarks */,
				C967FB3D2877757F00D1B439 /* Badges */,
			);
			path = Views;
			sourceTree = "<group>";
		};
		C967FB3D2877757F00D1B439 /* Badges */ = {
			isa = PBXGroup;
			children = (
				C9A4D68828768E9500D4906C /* HexagonParameters.swift */,
				C967FB37287756D600D1B439 /* BadgeBackground.swift */,
				C967FB3928775BCE00D1B439 /* BadgeSymbol.swift */,
				C967FB3B2877746D00D1B439 /* Badge.swift */,
			);
			path = Badges;
			sourceTree = "<group>";
		};
		C967FB4628777BC900D1B439 /* Hikes */ = {
			isa = PBXGroup;
			children = (
				C967FB4728777BC900D1B439 /* GraphCapsule.swift */,
				C967FB4828777BC900D1B439 /* HikeGraph.swift */,
				C967FB4928777BC900D1B439 /* HikeDetail.swift */,
				C967FB4A28777BC900D1B439 /* HikeView.swift */,
			);
			path = Hikes;
			sourceTree = "<group>";
		};
		C9C93CE42872950100AF55D6 /* Models */ = {
			isa = PBXGroup;
			children = (
				C9C93CE52872951000AF55D6 /* Landmark.swift */,
				C9C93CE7287296AB00AF55D6 /* ModelData.swift */,
				C967FB40287779C800D1B439 /* Hike.swift */,
			);
			path = Models;
			sourceTree = "<group>";
		};
		C9C93CE92872973700AF55D6 /* Resources */ = {
			isa = PBXGroup;
			children = (
				C9C93CE2287294C800AF55D6 /* landmarkData.json */,
				C967FB3E2877780D00D1B439 /* hikeData.json */,
			);
			path = Resources;
			sourceTree = "<group>";
		};
/* End PBXGroup section */

/* Begin PBXNativeTarget section */
		C95ACE9E28610D5A002CD608 /* Landmarks */ = {
			isa = PBXNativeTarget;
			buildConfigurationList = C95ACEC328610D5B002CD608 /* Build configuration list for PBXNativeTarget "Landmarks" */;
			buildPhases = (
				C95ACE9B28610D5A002CD608 /* Sources */,
				C95ACE9C28610D5A002CD608 /* Frameworks */,
				C95ACE9D28610D5A002CD608 /* Resources */,
			);
			buildRules = (
			);
			dependencies = (
			);
			name = Landmarks;
			productName = Landmarks;
			productReference = C95ACE9F28610D5A002CD608 /* Landmarks.app */;
			productType = "com.apple.product-type.application";
		};
		C95ACEAE28610D5B002CD608 /* LandmarksTests */ = {
			isa = PBXNativeTarget;
			buildConfigurationList = C95ACEC628610D5B002CD608 /* Build configuration list for PBXNativeTarget "LandmarksTests" */;
			buildPhases = (
				C95ACEAB28610D5B002CD608 /* Sources */,
				C95ACEAC28610D5B002CD608 /* Frameworks */,
				C95ACEAD28610D5B002CD608 /* Resources */,
			);
			buildRules = (
			);
			dependencies = (
				C95ACEB128610D5B002CD608 /* PBXTargetDependency */,
			);
			name = LandmarksTests;
			productName = LandmarksTests;
			productReference = C95ACEAF28610D5B002CD608 /* LandmarksTests.xctest */;
			productType = "com.apple.product-type.bundle.unit-test";
		};
		C95ACEB828610D5B002CD608 /* LandmarksUITests */ = {
			isa = PBXNativeTarget;
			buildConfigurationList = C95ACEC928610D5B002CD608 /* Build configuration list for PBXNativeTarget "LandmarksUITests" */;
			buildPhases = (
				C95ACEB528610D5B002CD608 /* Sources */,
				C95ACEB628610D5B002CD608 /* Frameworks */,
				C95ACEB728610D5B002CD608 /* Resources */,
			);
			buildRules = (
			);
			dependencies = (
				C95ACEBB28610D5B002CD608 /* PBXTargetDependency */,
			);
			name = LandmarksUITests;
			productName = LandmarksUITests;
			productReference = C95ACEB928610D5B002CD608 /* LandmarksUITests.xctest */;
			productType = "com.apple.product-type.bundle.ui-testing";
		};
/* End PBXNativeTarget section */

/* Begin PBXProject section */
		C95ACE9728610D5A002CD608 /* Project object */ = {
			isa = PBXProject;
			attributes = {
				BuildIndependentTargetsInParallel = 1;
				LastSwiftUpdateCheck = 1340;
				LastUpgradeCheck = 1340;
				TargetAttributes = {
					C95ACE9E28610D5A002CD608 = {
						CreatedOnToolsVersion = 13.4.1;
					};
					C95ACEAE28610D5B002CD608 = {
						CreatedOnToolsVersion = 13.4.1;
						TestTargetID = C95ACE9E28610D5A002CD608;
					};
					C95ACEB828610D5B002CD608 = {
						CreatedOnToolsVersion = 13.4.1;
						TestTargetID = C95ACE9E28610D5A002CD608;
					};
				};
			};
			buildConfigurationList = C95ACE9A28610D5A002CD608 /* Build configuration list for PBXProject "Landmarks" */;
			compatibilityVersion = "Xcode 13.0";
			developmentRegion = en;
			hasScannedForEncodings = 0;
			knownRegions = (
				en,
				Base,
			);
			mainGroup = C95ACE9628610D5A002CD608;
			productRefGroup = C95ACEA028610D5A002CD608 /* Products */;
			projectDirPath = "";
			projectRoot = "";
			targets = (
				C95ACE9E28610D5A002CD608 /* Landmarks */,
				C95ACEAE28610D5B002CD608 /* LandmarksTests */,
				C95ACEB828610D5B002CD608 /* LandmarksUITests */,
			);
		};
/* End PBXProject section */

/* Begin PBXResourcesBuildPhase section */
		C95ACE9D28610D5A002CD608 /* Resources */ = {
			isa = PBXResourcesBuildPhase;
			buildActionMask = 2147483647;
			files = (
				C967FB3F2877780D00D1B439 /* hikeData.json in Resources */,
				C95ACEAA28610D5B002CD608 /* Preview Assets.xcassets in Resources */,
				C95ACEA728610D5B002CD608 /* Assets.xcassets in Resources */,
				C967FB5028777D4B00D1B439 /* LICENSE.txt in Resources */,
				C9C93CE3287294C800AF55D6 /* landmarkData.json in Resources */,
			);
			runOnlyForDeploymentPostprocessing = 0;
		};
		C95ACEAD28610D5B002CD608 /* Resources */ = {
			isa = PBXResourcesBuildPhase;
			buildActionMask = 2147483647;
			files = (
			);
			runOnlyForDeploymentPostprocessing = 0;
		};
		C95ACEB728610D5B002CD608 /* Resources */ = {
			isa = PBXResourcesBuildPhase;
			buildActionMask = 2147483647;
			files = (
			);
			runOnlyForDeploymentPostprocessing = 0;
		};
/* End PBXResourcesBuildPhase section */

/* Begin PBXSourcesBuildPhase section */
		C95ACE9B28610D5A002CD608 /* Sources */ = {
			isa = PBXSourcesBuildPhase;
			buildActionMask = 2147483647;
			files = (
				C967FB41287779C800D1B439 /* Hike.swift in Sources */,
				C95ACEA528610D5A002CD608 /* ContentView.swift in Sources */,
				C960786128726E0A00A0649C /* MapView.swift in Sources */,
				C95ACEA328610D5A002CD608 /* LandmarksApp.swift in Sources */,
				C967FB4E28777BC900D1B439 /* HikeView.swift in Sources */,
				C95A784A28765D0D007CB905 /* FavoriteButton.swift in Sources */,
				C9A4D68928768E9500D4906C /* HexagonParameters.swift in Sources */,
				C967FB3A28775BCE00D1B439 /* BadgeSymbol.swift in Sources */,
				C9BADF4C2873BDD0006E1FB8 /* LandmarkList.swift in Sources */,
				C967FB3C2877746D00D1B439 /* Badge.swift in Sources */,
				C94BF12E287509B900493B08 /* LandmarkDetail.swift in Sources */,
				C967FB38287756D600D1B439 /* BadgeBackground.swift in Sources */,
				C967FB4D28777BC900D1B439 /* HikeDetail.swift in Sources */,
				C960785F28726D5500A0649C /* CircleImage.swift in Sources */,
				C967FB4B28777BC900D1B439 /* GraphCapsule.swift in Sources */,
				C9C93CE62872951000AF55D6 /* Landmark.swift in Sources */,
				C9C93CEB2872978200AF55D6 /* LandmarkRow.swift in Sources */,
				C9C93CE8287296AB00AF55D6 /* ModelData.swift in Sources */,
				C967FB4C28777BC900D1B439 /* HikeGraph.swift in Sources */,
			);
			runOnlyForDeploymentPostprocessing = 0;
		};
		C95ACEAB28610D5B002CD608 /* Sources */ = {
			isa = PBXSourcesBuildPhase;
			buildActionMask = 2147483647;
			files = (
				C95ACEB428610D5B002CD608 /* LandmarksTests.swift in Sources */,
			);
			runOnlyForDeploymentPostprocessing = 0;
		};
		C95ACEB528610D5B002CD608 /* Sources */ = {
			isa = PBXSourcesBuildPhase;
			buildActionMask = 2147483647;
			files = (
				C95ACEC028610D5B002CD608 /* LandmarksUITestsLaunchTests.swift in Sources */,
				C95ACEBE28610D5B002CD608 /* LandmarksUITests.swift in Sources */,
			);
			runOnlyForDeploymentPostprocessing = 0;
		};
/* End PBXSourcesBuildPhase section */

/* Begin PBXTargetDependency section */
		C95ACEB128610D5B002CD608 /* PBXTargetDependency */ = {
			isa = PBXTargetDependency;
			target = C95ACE9E28610D5A002CD608 /* Landmarks */;
			targetProxy = C95ACEB028610D5B002CD608 /* PBXContainerItemProxy */;
		};
		C95ACEBB28610D5B002CD608 /* PBXTargetDependency */ = {
			isa = PBXTargetDependency;
			target = C95ACE9E28610D5A002CD608 /* Landmarks */;
			targetProxy = C95ACEBA28610D5B002CD608 /* PBXContainerItemProxy */;
		};
/* End PBXTargetDependency section */

/* Begin XCBuildConfiguration section */
		C95ACEC128610D5B002CD608 /* Debug */ = {
			isa = XCBuildConfiguration;
			buildSettings = {
				ALWAYS_SEARCH_USER_PATHS = NO;
				CLANG_ANALYZER_NONNULL = YES;
				CLANG_ANALYZER_NUMBER_OBJECT_CONVERSION = YES_AGGRESSIVE;
				CLANG_CXX_LANGUAGE_STANDARD = "gnu++17";
				CLANG_ENABLE_MODULES = YES;
				CLANG_ENABLE_OBJC_ARC = YES;
				CLANG_ENABLE_OBJC_WEAK = YES;
				CLANG_WARN_BLOCK_CAPTURE_AUTORELEASING = YES;
				CLANG_WARN_BOOL_CONVERSION = YES;
				CLANG_WARN_COMMA = YES;
				CLANG_WARN_CONSTANT_CONVERSION = YES;
				CLANG_WARN_DEPRECATED_OBJC_IMPLEMENTATIONS = YES;
				CLANG_WARN_DIRECT_OBJC_ISA_USAGE = YES_ERROR;
				CLANG_WARN_DOCUMENTATION_COMMENTS = YES;
				CLANG_WARN_EMPTY_BODY = YES;
				CLANG_WARN_ENUM_CONVERSION = YES;
				CLANG_WARN_INFINITE_RECURSION = YES;
				CLANG_WARN_INT_CONVERSION = YES;
				CLANG_WARN_NON_LITERAL_NULL_CONVERSION = YES;
				CLANG_WARN_OBJC_IMPLICIT_RETAIN_SELF = YES;
				CLANG_WARN_OBJC_LITERAL_CONVERSION = YES;
				CLANG_WARN_OBJC_ROOT_CLASS = YES_ERROR;
				CLANG_WARN_QUOTED_INCLUDE_IN_FRAMEWORK_HEADER = YES;
				CLANG_WARN_RANGE_LOOP_ANALYSIS = YES;
				CLANG_WARN_STRICT_PROTOTYPES = YES;
				CLANG_WARN_SUSPICIOUS_MOVE = YES;
				CLANG_WARN_UNGUARDED_AVAILABILITY = YES_AGGRESSIVE;
				CLANG_WARN_UNREACHABLE_CODE = YES;
				CLANG_WARN__DUPLICATE_METHOD_MATCH = YES;
				COPY_PHASE_STRIP = NO;
				DEBUG_INFORMATION_FORMAT = dwarf;
				ENABLE_STRICT_OBJC_MSGSEND = YES;
				ENABLE_TESTABILITY = YES;
				GCC_C_LANGUAGE_STANDARD = gnu11;
				GCC_DYNAMIC_NO_PIC = NO;
				GCC_NO_COMMON_BLOCKS = YES;
				GCC_OPTIMIZATION_LEVEL = 0;
				GCC_PREPROCESSOR_DEFINITIONS = (
					"DEBUG=1",
					"$(inherited)",
				);
				GCC_WARN_64_TO_32_BIT_CONVERSION = YES;
				GCC_WARN_ABOUT_RETURN_TYPE = YES_ERROR;
				GCC_WARN_UNDECLARED_SELECTOR = YES;
				GCC_WARN_UNINITIALIZED_AUTOS = YES_AGGRESSIVE;
				GCC_WARN_UNUSED_FUNCTION = YES;
				GCC_WARN_UNUSED_VARIABLE = YES;
				IPHONEOS_DEPLOYMENT_TARGET = 15.5;
				MTL_ENABLE_DEBUG_INFO = INCLUDE_SOURCE;
				MTL_FAST_MATH = YES;
				ONLY_ACTIVE_ARCH = YES;
				SDKROOT = iphoneos;
				SWIFT_ACTIVE_COMPILATION_CONDITIONS = DEBUG;
				SWIFT_OPTIMIZATION_LEVEL = "-Onone";
			};
			name = Debug;
		};
		C95ACEC228610D5B002CD608 /* Release */ = {
			isa = XCBuildConfiguration;
			buildSettings = {
				ALWAYS_SEARCH_USER_PATHS = NO;
				CLANG_ANALYZER_NONNULL = YES;
				CLANG_ANALYZER_NUMBER_OBJECT_CONVERSION = YES_AGGRESSIVE;
				CLANG_CXX_LANGUAGE_STANDARD = "gnu++17";
				CLANG_ENABLE_MODULES = YES;
				CLANG_ENABLE_OBJC_ARC = YES;
				CLANG_ENABLE_OBJC_WEAK = YES;
				CLANG_WARN_BLOCK_CAPTURE_AUTORELEASING = YES;
				CLANG_WARN_BOOL_CONVERSION = YES;
				CLANG_WARN_COMMA = YES;
				CLANG_WARN_CONSTANT_CONVERSION = YES;
				CLANG_WARN_DEPRECATED_OBJC_IMPLEMENTATIONS = YES;
				CLANG_WARN_DIRECT_OBJC_ISA_USAGE = YES_ERROR;
				CLANG_WARN_DOCUMENTATION_COMMENTS = YES;
				CLANG_WARN_EMPTY_BODY = YES;
				CLANG_WARN_ENUM_CONVERSION = YES;
				CLANG_WARN_INFINITE_RECURSION = YES;
				CLANG_WARN_INT_CONVERSION = YES;
				CLANG_WARN_NON_LITERAL_NULL_CONVERSION = YES;
				CLANG_WARN_OBJC_IMPLICIT_RETAIN_SELF = YES;
				CLANG_WARN_OBJC_LITERAL_CONVERSION = YES;
				CLANG_WARN_OBJC_ROOT_CLASS = YES_ERROR;
				CLANG_WARN_QUOTED_INCLUDE_IN_FRAMEWORK_HEADER = YES;
				CLANG_WARN_RANGE_LOOP_ANALYSIS = YES;
				CLANG_WARN_STRICT_PROTOTYPES = YES;
				CLANG_WARN_SUSPICIOUS_MOVE = YES;
				CLANG_WARN_UNGUARDED_AVAILABILITY = YES_AGGRESSIVE;
				CLANG_WARN_UNREACHABLE_CODE = YES;
				CLANG_WARN__DUPLICATE_METHOD_MATCH = YES;
				COPY_PHASE_STRIP = NO;
				DEBUG_INFORMATION_FORMAT = "dwarf-with-dsym";
				ENABLE_NS_ASSERTIONS = NO;
				ENABLE_STRICT_OBJC_MSGSEND = YES;
				GCC_C_LANGUAGE_STANDARD = gnu11;
				GCC_NO_COMMON_BLOCKS = YES;
				GCC_WARN_64_TO_32_BIT_CONVERSION = YES;
				GCC_WARN_ABOUT_RETURN_TYPE = YES_ERROR;
				GCC_WARN_UNDECLARED_SELECTOR = YES;
				GCC_WARN_UNINITIALIZED_AUTOS = YES_AGGRESSIVE;
				GCC_WARN_UNUSED_FUNCTION = YES;
				GCC_WARN_UNUSED_VARIABLE = YES;
				IPHONEOS_DEPLOYMENT_TARGET = 15.5;
				MTL_ENABLE_DEBUG_INFO = NO;
				MTL_FAST_MATH = YES;
				SDKROOT = iphoneos;
				SWIFT_COMPILATION_MODE = wholemodule;
				SWIFT_OPTIMIZATION_LEVEL = "-O";
				VALIDATE_PRODUCT = YES;
			};
			name = Release;
		};
		C95ACEC428610D5B002CD608 /* Debug */ = {
			isa = XCBuildConfiguration;
			buildSettings = {
				ASSETCATALOG_COMPILER_APPICON_NAME = AppIcon;
				ASSETCATALOG_COMPILER_GLOBAL_ACCENT_COLOR_NAME = AccentColor;
				CODE_SIGN_STYLE = Automatic;
				CURRENT_PROJECT_VERSION = 1;
				DEVELOPMENT_ASSET_PATHS = "\"Landmarks/Preview Content\"";
				DEVELOPMENT_TEAM = TK2D96DLGZ;
				ENABLE_PREVIEWS = YES;
				GENERATE_INFOPLIST_FILE = YES;
				INFOPLIST_KEY_UIApplicationSceneManifest_Generation = YES;
				INFOPLIST_KEY_UIApplicationSupportsIndirectInputEvents = YES;
				INFOPLIST_KEY_UILaunchScreen_Generation = YES;
				INFOPLIST_KEY_UISupportedInterfaceOrientations_iPad = "UIInterfaceOrientationPortrait UIInterfaceOrientationPortraitUpsideDown UIInterfaceOrientationLandscapeLeft UIInterfaceOrientationLandscapeRight";
				INFOPLIST_KEY_UISupportedInterfaceOrientations_iPhone = "UIInterfaceOrientationPortrait UIInterfaceOrientationLandscapeLeft UIInterfaceOrientationLandscapeRight";
				LD_RUNPATH_SEARCH_PATHS = (
					"$(inherited)",
					"@executable_path/Frameworks",
				);
				MARKETING_VERSION = 1.0;
				PRODUCT_BUNDLE_IDENTIFIER = com.jguo.Landmarks;
				PRODUCT_NAME = "$(TARGET_NAME)";
				SWIFT_EMIT_LOC_STRINGS = YES;
				SWIFT_VERSION = 5.0;
				TARGETED_DEVICE_FAMILY = "1,2";
			};
			name = Debug;
		};
		C95ACEC528610D5B002CD608 /* Release */ = {
			isa = XCBuildConfiguration;
			buildSettings = {
				ASSETCATALOG_COMPILER_APPICON_NAME = AppIcon;
				ASSETCATALOG_COMPILER_GLOBAL_ACCENT_COLOR_NAME = AccentColor;
				CODE_SIGN_STYLE = Automatic;
				CURRENT_PROJECT_VERSION = 1;
				DEVELOPMENT_ASSET_PATHS = "\"Landmarks/Preview Content\"";
				DEVELOPMENT_TEAM = TK2D96DLGZ;
				ENABLE_PREVIEWS = YES;
				GENERATE_INFOPLIST_FILE = YES;
				INFOPLIST_KEY_UIApplicationSceneManifest_Generation = YES;
				INFOPLIST_KEY_UIApplicationSupportsIndirectInputEvents = YES;
				INFOPLIST_KEY_UILaunchScreen_Generation = YES;
				INFOPLIST_KEY_UISupportedInterfaceOrientations_iPad = "UIInterfaceOrientationPortrait UIInterfaceOrientationPortraitUpsideDown UIInterfaceOrientationLandscapeLeft UIInterfaceOrientationLandscapeRight";
				INFOPLIST_KEY_UISupportedInterfaceOrientations_iPhone = "UIInterfaceOrientationPortrait UIInterfaceOrientationLandscapeLeft UIInterfaceOrientationLandscapeRight";
				LD_RUNPATH_SEARCH_PATHS = (
					"$(inherited)",
					"@executable_path/Frameworks",
				);
				MARKETING_VERSION = 1.0;
				PRODUCT_BUNDLE_IDENTIFIER = com.jguo.Landmarks;
				PRODUCT_NAME = "$(TARGET_NAME)";
				SWIFT_EMIT_LOC_STRINGS = YES;
				SWIFT_VERSION = 5.0;
				TARGETED_DEVICE_FAMILY = "1,2";
			};
			name = Release;
		};
		C95ACEC728610D5B002CD608 /* Debug */ = {
			isa = XCBuildConfiguration;
			buildSettings = {
				ALWAYS_EMBED_SWIFT_STANDARD_LIBRARIES = YES;
				BUNDLE_LOADER = "$(TEST_HOST)";
				CODE_SIGN_STYLE = Automatic;
				CURRENT_PROJECT_VERSION = 1;
				DEVELOPMENT_TEAM = TK2D96DLGZ;
				GENERATE_INFOPLIST_FILE = YES;
				IPHONEOS_DEPLOYMENT_TARGET = 15.5;
				MARKETING_VERSION = 1.0;
				PRODUCT_BUNDLE_IDENTIFIER = com.jguo.LandmarksTests;
				PRODUCT_NAME = "$(TARGET_NAME)";
				SWIFT_EMIT_LOC_STRINGS = NO;
				SWIFT_VERSION = 5.0;
				TARGETED_DEVICE_FAMILY = "1,2";
				TEST_HOST = "$(BUILT_PRODUCTS_DIR)/Landmarks.app/Landmarks";
			};
			name = Debug;
		};
		C95ACEC828610D5B002CD608 /* Release */ = {
			isa = XCBuildConfiguration;
			buildSettings = {
				ALWAYS_EMBED_SWIFT_STANDARD_LIBRARIES = YES;
				BUNDLE_LOADER = "$(TEST_HOST)";
				CODE_SIGN_STYLE = Automatic;
				CURRENT_PROJECT_VERSION = 1;
				DEVELOPMENT_TEAM = TK2D96DLGZ;
				GENERATE_INFOPLIST_FILE = YES;
				IPHONEOS_DEPLOYMENT_TARGET = 15.5;
				MARKETING_VERSION = 1.0;
				PRODUCT_BUNDLE_IDENTIFIER = com.jguo.LandmarksTests;
				PRODUCT_NAME = "$(TARGET_NAME)";
				SWIFT_EMIT_LOC_STRINGS = NO;
				SWIFT_VERSION = 5.0;
				TARGETED_DEVICE_FAMILY = "1,2";
				TEST_HOST = "$(BUILT_PRODUCTS_DIR)/Landmarks.app/Landmarks";
			};
			name = Release;
		};
		C95ACECA28610D5B002CD608 /* Debug */ = {
			isa = XCBuildConfiguration;
			buildSettings = {
				ALWAYS_EMBED_SWIFT_STANDARD_LIBRARIES = YES;
				CODE_SIGN_STYLE = Automatic;
				CURRENT_PROJECT_VERSION = 1;
				DEVELOPMENT_TEAM = TK2D96DLGZ;
				GENERATE_INFOPLIST_FILE = YES;
				MARKETING_VERSION = 1.0;
				PRODUCT_BUNDLE_IDENTIFIER = com.jguo.LandmarksUITests;
				PRODUCT_NAME = "$(TARGET_NAME)";
				SWIFT_EMIT_LOC_STRINGS = NO;
				SWIFT_VERSION = 5.0;
				TARGETED_DEVICE_FAMILY = "1,2";
				TEST_TARGET_NAME = Landmarks;
			};
			name = Debug;
		};
		C95ACECB28610D5B002CD608 /* Release */ = {
			isa = XCBuildConfiguration;
			buildSettings = {
				ALWAYS_EMBED_SWIFT_STANDARD_LIBRARIES = YES;
				CODE_SIGN_STYLE = Automatic;
				CURRENT_PROJECT_VERSION = 1;
				DEVELOPMENT_TEAM = TK2D96DLGZ;
				GENERATE_INFOPLIST_FILE = YES;
				MARKETING_VERSION = 1.0;
				PRODUCT_BUNDLE_IDENTIFIER = com.jguo.LandmarksUITests;
				PRODUCT_NAME = "$(TARGET_NAME)";
				SWIFT_EMIT_LOC_STRINGS = NO;
				SWIFT_VERSION = 5.0;
				TARGETED_DEVICE_FAMILY = "1,2";
				TEST_TARGET_NAME = Landmarks;
			};
			name = Release;
		};
/* End XCBuildConfiguration section */

/* Begin XCConfigurationList section */
		C95ACE9A28610D5A002CD608 /* Build configuration list for PBXProject "Landmarks" */ = {
			isa = XCConfigurationList;
			buildConfigurations = (
				C95ACEC128610D5B002CD608 /* Debug */,
				C95ACEC228610D5B002CD608 /* Release */,
			);
			defaultConfigurationIsVisible = 0;
			defaultConfigurationName = Release;
		};
		C95ACEC328610D5B002CD608 /* Build configuration list for PBXNativeTarget "Landmarks" */ = {
			isa = XCConfigurationList;
			buildConfigurations = (
				C95ACEC428610D5B002CD608 /* Debug */,
				C95ACEC528610D5B002CD608 /* Release */,
			);
			defaultConfigurationIsVisible = 0;
			defaultConfigurationName = Release;
		};
		C95ACEC628610D5B002CD608 /* Build configuration list for PBXNativeTarget "LandmarksTests" */ = {
			isa = XCConfigurationList;
			buildConfigurations = (
				C95ACEC728610D5B002CD608 /* Debug */,
				C95ACEC828610D5B002CD608 /* Release */,
			);
			defaultConfigurationIsVisible = 0;
			defaultConfigurationName = Release;
		};
		C95ACEC928610D5B002CD608 /* Build configuration list for PBXNativeTarget "LandmarksUITests" */ = {
			isa = XCConfigurationList;
			buildConfigurations = (
				C95ACECA28610D5B002CD608 /* Debug */,
				C95ACECB28610D5B002CD608 /* Release */,
			);
			defaultConfigurationIsVisible = 0;
			defaultConfigurationName = Release;
		};
/* End XCConfigurationList section */
	};
	rootObject = C95ACE9728610D5A002CD608 /* Project object */;
}
