// !$*UTF8*$!
{
	archiveVersion = 1;
	classes = {
	};
	objectVersion = 55;
	objects = {

/* Begin PBXBuildFile section */
		C9125930287E4C920038EF39 /* Assets.xcassets in Resources */ = {isa = PBXBuildFile; fileRef = C95ACEA628610D5B002CD608 /* Assets.xcassets */; };
		C9125931287E4C920038EF39 /* landmarkData.json in Resources */ = {isa = PBXBuildFile; fileRef = C9C93CE2287294C800AF55D6 /* landmarkData.json */; };
		C9125932287E4C920038EF39 /* hikeData.json in Resources */ = {isa = PBXBuildFile; fileRef = C967FB3E2877780D00D1B439 /* hikeData.json */; };
		C9125934287E4C920038EF39 /* Hike.swift in Sources */ = {isa = PBXBuildFile; fileRef = C967FB40287779C800D1B439 /* Hike.swift */; };
		C9125935287E4C920038EF39 /* Landmark.swift in Sources */ = {isa = PBXBuildFile; fileRef = C9C93CE52872951000AF55D6 /* Landmark.swift */; };
		C9125936287E4C920038EF39 /* Profile.swift in Sources */ = {isa = PBXBuildFile; fileRef = C9F45573287BC1E80072DBA3 /* Profile.swift */; };
		C9125937287E4C920038EF39 /* MapView.swift in Sources */ = {isa = PBXBuildFile; fileRef = C960786028726E0A00A0649C /* MapView.swift */; };
		C9125938287E4C920038EF39 /* LandmarkRow.swift in Sources */ = {isa = PBXBuildFile; fileRef = C9C93CEA2872978200AF55D6 /* LandmarkRow.swift */; };
		C9125939287E4C920038EF39 /* ModelData.swift in Sources */ = {isa = PBXBuildFile; fileRef = C9C93CE7287296AB00AF55D6 /* ModelData.swift */; };
		C912593A287E4C920038EF39 /* LandmarksApp.swift in Sources */ = {isa = PBXBuildFile; fileRef = C95ACEA228610D5A002CD608 /* LandmarksApp.swift */; };
		C912593B287E4C920038EF39 /* CircleImage.swift in Sources */ = {isa = PBXBuildFile; fileRef = C960785E28726D5500A0649C /* CircleImage.swift */; };
		C912593F287E4EEF0038EF39 /* LandmarkDetail.swift in Sources */ = {isa = PBXBuildFile; fileRef = C912593E287E4EEF0038EF39 /* LandmarkDetail.swift */; };
		C934EC81287CFBDB00C99B41 /* ProfileSummary.swift in Sources */ = {isa = PBXBuildFile; fileRef = C934EC80287CFBDB00C99B41 /* ProfileSummary.swift */; };
		C934EC83287D057C00C99B41 /* HikeBadge.swift in Sources */ = {isa = PBXBuildFile; fileRef = C934EC82287D057C00C99B41 /* HikeBadge.swift */; };
		C934EC85287D0E6B00C99B41 /* ProfileEditor.swift in Sources */ = {isa = PBXBuildFile; fileRef = C934EC84287D0E6B00C99B41 /* ProfileEditor.swift */; };
		C938D2DB287D1FBF00164E6C /* PageViewController.swift in Sources */ = {isa = PBXBuildFile; fileRef = C938D2DA287D1FBF00164E6C /* PageViewController.swift */; };
		C938D2DD287D218400164E6C /* FeatureCard.swift in Sources */ = {isa = PBXBuildFile; fileRef = C938D2DC287D218400164E6C /* FeatureCard.swift */; };
		C938D2DF287D223900164E6C /* PageView.swift in Sources */ = {isa = PBXBuildFile; fileRef = C938D2DE287D223900164E6C /* PageView.swift */; };
		C938D2E1287D24F500164E6C /* PageControl.swift in Sources */ = {isa = PBXBuildFile; fileRef = C938D2E0287D24F500164E6C /* PageControl.swift */; };
		C938D2E7287D272700164E6C /* Assets.xcassets in Resources */ = {isa = PBXBuildFile; fileRef = C938D2E6287D272700164E6C /* Assets.xcassets */; };
		C938D2ED287D272700164E6C /* WatchLandmarks WatchKit Extension.appex in Embed App Extensions */ = {isa = PBXBuildFile; fileRef = C938D2EC287D272700164E6C /* WatchLandmarks WatchKit Extension.appex */; settings = {ATTRIBUTES = (RemoveHeadersOnCopy, ); }; };
		C938D2F4287D272700164E6C /* ContentView.swift in Sources */ = {isa = PBXBuildFile; fileRef = C938D2F3287D272700164E6C /* ContentView.swift */; };
		C938D2F6287D272700164E6C /* NotificationController.swift in Sources */ = {isa = PBXBuildFile; fileRef = C938D2F5287D272700164E6C /* NotificationController.swift */; };
		C938D2F8287D272700164E6C /* NotificationView.swift in Sources */ = {isa = PBXBuildFile; fileRef = C938D2F7287D272700164E6C /* NotificationView.swift */; };
		C938D2FA287D272700164E6C /* ComplicationController.swift in Sources */ = {isa = PBXBuildFile; fileRef = C938D2F9287D272700164E6C /* ComplicationController.swift */; };
		C938D2FC287D272800164E6C /* Assets.xcassets in Resources */ = {isa = PBXBuildFile; fileRef = C938D2FB287D272800164E6C /* Assets.xcassets */; };
		C938D2FF287D272800164E6C /* Preview Assets.xcassets in Resources */ = {isa = PBXBuildFile; fileRef = C938D2FE287D272800164E6C /* Preview Assets.xcassets */; };
		C938D30B287D272800164E6C /* WatchLandmarksTests.swift in Sources */ = {isa = PBXBuildFile; fileRef = C938D30A287D272800164E6C /* WatchLandmarksTests.swift */; };
		C938D315287D272800164E6C /* WatchLandmarksUITests.swift in Sources */ = {isa = PBXBuildFile; fileRef = C938D314287D272800164E6C /* WatchLandmarksUITests.swift */; };
		C938D317287D272800164E6C /* WatchLandmarksUITestsLaunchTests.swift in Sources */ = {isa = PBXBuildFile; fileRef = C938D316287D272800164E6C /* WatchLandmarksUITestsLaunchTests.swift */; };
		C938D31A287D272800164E6C /* WatchLandmarks.app in Embed Watch Content */ = {isa = PBXBuildFile; fileRef = C938D2E4287D272600164E6C /* WatchLandmarks.app */; settings = {ATTRIBUTES = (RemoveHeadersOnCopy, ); }; };
		C941420B287F03EA00E393EB /* ContentView.swift in Sources */ = {isa = PBXBuildFile; fileRef = C941420A287F03EA00E393EB /* ContentView.swift */; };
		C941420D287F03EB00E393EB /* Assets.xcassets in Resources */ = {isa = PBXBuildFile; fileRef = C941420C287F03EB00E393EB /* Assets.xcassets */; };
		C9414210287F03EB00E393EB /* Preview Assets.xcassets in Resources */ = {isa = PBXBuildFile; fileRef = C941420F287F03EB00E393EB /* Preview Assets.xcassets */; };
		C941421B287F03EB00E393EB /* MacLandmarksTests.swift in Sources */ = {isa = PBXBuildFile; fileRef = C941421A287F03EB00E393EB /* MacLandmarksTests.swift */; };
		C9414225287F03EB00E393EB /* MacLandmarksUITests.swift in Sources */ = {isa = PBXBuildFile; fileRef = C9414224287F03EB00E393EB /* MacLandmarksUITests.swift */; };
		C9414227287F03EB00E393EB /* MacLandmarksUITestsLaunchTests.swift in Sources */ = {isa = PBXBuildFile; fileRef = C9414226287F03EB00E393EB /* MacLandmarksUITestsLaunchTests.swift */; };
		C94BF12E287509B900493B08 /* LandmarkDetail.swift in Sources */ = {isa = PBXBuildFile; fileRef = C94BF12D287509B900493B08 /* LandmarkDetail.swift */; };
		C95A784A28765D0D007CB905 /* FavoriteButton.swift in Sources */ = {isa = PBXBuildFile; fileRef = C95A784928765D0D007CB905 /* FavoriteButton.swift */; };
		C95ACEA328610D5A002CD608 /* LandmarksApp.swift in Sources */ = {isa = PBXBuildFile; fileRef = C95ACEA228610D5A002CD608 /* LandmarksApp.swift */; };
		C95ACEA528610D5A002CD608 /* ContentView.swift in Sources */ = {isa = PBXBuildFile; fileRef = C95ACEA428610D5A002CD608 /* ContentView.swift */; };
		C95ACEA728610D5B002CD608 /* Assets.xcassets in Resources */ = {isa = PBXBuildFile; fileRef = C95ACEA628610D5B002CD608 /* Assets.xcassets */; };
		C95ACEAA28610D5B002CD608 /* Preview Assets.xcassets in Resources */ = {isa = PBXBuildFile; fileRef = C95ACEA928610D5B002CD608 /* Preview Assets.xcassets */; };
		C95ACEB428610D5B002CD608 /* LandmarksTests.swift in Sources */ = {isa = PBXBuildFile; fileRef = C95ACEB328610D5B002CD608 /* LandmarksTests.swift */; };
		C95ACEBE28610D5B002CD608 /* LandmarksUITests.swift in Sources */ = {isa = PBXBuildFile; fileRef = C95ACEBD28610D5B002CD608 /* LandmarksUITests.swift */; };
		C95ACEC028610D5B002CD608 /* LandmarksUITestsLaunchTests.swift in Sources */ = {isa = PBXBuildFile; fileRef = C95ACEBF28610D5B002CD608 /* LandmarksUITestsLaunchTests.swift */; };
		C960785F28726D5500A0649C /* CircleImage.swift in Sources */ = {isa = PBXBuildFile; fileRef = C960785E28726D5500A0649C /* CircleImage.swift */; };
		C960786128726E0A00A0649C /* MapView.swift in Sources */ = {isa = PBXBuildFile; fileRef = C960786028726E0A00A0649C /* MapView.swift */; };
		C967FB38287756D600D1B439 /* BadgeBackground.swift in Sources */ = {isa = PBXBuildFile; fileRef = C967FB37287756D600D1B439 /* BadgeBackground.swift */; };
		C967FB3A28775BCE00D1B439 /* BadgeSymbol.swift in Sources */ = {isa = PBXBuildFile; fileRef = C967FB3928775BCE00D1B439 /* BadgeSymbol.swift */; };
		C967FB3C2877746D00D1B439 /* Badge.swift in Sources */ = {isa = PBXBuildFile; fileRef = C967FB3B2877746D00D1B439 /* Badge.swift */; };
		C967FB3F2877780D00D1B439 /* hikeData.json in Resources */ = {isa = PBXBuildFile; fileRef = C967FB3E2877780D00D1B439 /* hikeData.json */; };
		C967FB41287779C800D1B439 /* Hike.swift in Sources */ = {isa = PBXBuildFile; fileRef = C967FB40287779C800D1B439 /* Hike.swift */; };
		C967FB4B28777BC900D1B439 /* GraphCapsule.swift in Sources */ = {isa = PBXBuildFile; fileRef = C967FB4728777BC900D1B439 /* GraphCapsule.swift */; };
		C967FB4C28777BC900D1B439 /* HikeGraph.swift in Sources */ = {isa = PBXBuildFile; fileRef = C967FB4828777BC900D1B439 /* HikeGraph.swift */; };
		C967FB4D28777BC900D1B439 /* HikeDetail.swift in Sources */ = {isa = PBXBuildFile; fileRef = C967FB4928777BC900D1B439 /* HikeDetail.swift */; };
		C967FB4E28777BC900D1B439 /* HikeView.swift in Sources */ = {isa = PBXBuildFile; fileRef = C967FB4A28777BC900D1B439 /* HikeView.swift */; };
		C967FB5028777D4B00D1B439 /* LICENSE.txt in Resources */ = {isa = PBXBuildFile; fileRef = C967FB4F28777D4B00D1B439 /* LICENSE.txt */; };
		C9A4D68928768E9500D4906C /* HexagonParameters.swift in Sources */ = {isa = PBXBuildFile; fileRef = C9A4D68828768E9500D4906C /* HexagonParameters.swift */; };
		C9BADF4C2873BDD0006E1FB8 /* LandmarkList.swift in Sources */ = {isa = PBXBuildFile; fileRef = C9BADF4B2873BDD0006E1FB8 /* LandmarkList.swift */; };
		C9C93CE3287294C800AF55D6 /* landmarkData.json in Resources */ = {isa = PBXBuildFile; fileRef = C9C93CE2287294C800AF55D6 /* landmarkData.json */; };
		C9C93CE62872951000AF55D6 /* Landmark.swift in Sources */ = {isa = PBXBuildFile; fileRef = C9C93CE52872951000AF55D6 /* Landmark.swift */; };
		C9C93CE8287296AB00AF55D6 /* ModelData.swift in Sources */ = {isa = PBXBuildFile; fileRef = C9C93CE7287296AB00AF55D6 /* ModelData.swift */; };
		C9C93CEB2872978200AF55D6 /* LandmarkRow.swift in Sources */ = {isa = PBXBuildFile; fileRef = C9C93CEA2872978200AF55D6 /* LandmarkRow.swift */; };
		C9D2F8C128794DAD0077A1C5 /* CategoryHome.swift in Sources */ = {isa = PBXBuildFile; fileRef = C9D2F8C028794DAD0077A1C5 /* CategoryHome.swift */; };
		C9DBEF3E287F379800C02419 /* Hike.swift in Sources */ = {isa = PBXBuildFile; fileRef = C967FB40287779C800D1B439 /* Hike.swift */; };
		C9DBEF3F287F379800C02419 /* LandmarkRow.swift in Sources */ = {isa = PBXBuildFile; fileRef = C9C93CEA2872978200AF55D6 /* LandmarkRow.swift */; };
		C9DBEF40287F379800C02419 /* landmarkData.json in Resources */ = {isa = PBXBuildFile; fileRef = C9C93CE2287294C800AF55D6 /* landmarkData.json */; };
		C9DBEF41287F379800C02419 /* MapView.swift in Sources */ = {isa = PBXBuildFile; fileRef = C960786028726E0A00A0649C /* MapView.swift */; };
		C9DBEF42287F379800C02419 /* hikeData.json in Resources */ = {isa = PBXBuildFile; fileRef = C967FB3E2877780D00D1B439 /* hikeData.json */; };
		C9DBEF43287F379800C02419 /* CircleImage.swift in Sources */ = {isa = PBXBuildFile; fileRef = C960785E28726D5500A0649C /* CircleImage.swift */; };
		C9DBEF44287F379800C02419 /* ModelData.swift in Sources */ = {isa = PBXBuildFile; fileRef = C9C93CE7287296AB00AF55D6 /* ModelData.swift */; };
		C9DBEF45287F379800C02419 /* FavoriteButton.swift in Sources */ = {isa = PBXBuildFile; fileRef = C95A784928765D0D007CB905 /* FavoriteButton.swift */; };
		C9DBEF46287F379800C02419 /* Assets.xcassets in Resources */ = {isa = PBXBuildFile; fileRef = C95ACEA628610D5B002CD608 /* Assets.xcassets */; };
		C9DBEF47287F379800C02419 /* Profile.swift in Sources */ = {isa = PBXBuildFile; fileRef = C9F45573287BC1E80072DBA3 /* Profile.swift */; };
		C9DBEF48287F379800C02419 /* LandmarkList.swift in Sources */ = {isa = PBXBuildFile; fileRef = C9BADF4B2873BDD0006E1FB8 /* LandmarkList.swift */; };
		C9DBEF49287F379800C02419 /* LandmarksApp.swift in Sources */ = {isa = PBXBuildFile; fileRef = C95ACEA228610D5A002CD608 /* LandmarksApp.swift */; };
		C9DBEF4A287F379800C02419 /* Landmark.swift in Sources */ = {isa = PBXBuildFile; fileRef = C9C93CE52872951000AF55D6 /* Landmark.swift */; };
		C9DBEF4C287F385100C02419 /* LandmarkDetail.swift in Sources */ = {isa = PBXBuildFile; fileRef = C9DBEF4B287F385100C02419 /* LandmarkDetail.swift */; };
		C9DF0E472880EF1800C89156 /* LandmarkList.swift in Sources */ = {isa = PBXBuildFile; fileRef = C9DF0E462880EF1800C89156 /* LandmarkList.swift */; };
		C9DF0E492880F75100C89156 /* LandmarkCommands.swift in Sources */ = {isa = PBXBuildFile; fileRef = C9DF0E482880F75100C89156 /* LandmarkCommands.swift */; };
		C9DF0E4A2880F75100C89156 /* LandmarkCommands.swift in Sources */ = {isa = PBXBuildFile; fileRef = C9DF0E482880F75100C89156 /* LandmarkCommands.swift */; };
		C9F45570287B38010072DBA3 /* CategoryRow.swift in Sources */ = {isa = PBXBuildFile; fileRef = C9F4556F287B38010072DBA3 /* CategoryRow.swift */; };
		C9F45572287B3C1E0072DBA3 /* CategoryItem.swift in Sources */ = {isa = PBXBuildFile; fileRef = C9F45571287B3C1E0072DBA3 /* CategoryItem.swift */; };
		C9F45574287BC1E80072DBA3 /* Profile.swift in Sources */ = {isa = PBXBuildFile; fileRef = C9F45573287BC1E80072DBA3 /* Profile.swift */; };
		C9F45577287BC3530072DBA3 /* ProfileHost.swift in Sources */ = {isa = PBXBuildFile; fileRef = C9F45576287BC3530072DBA3 /* ProfileHost.swift */; };
/* End PBXBuildFile section */

/* Begin PBXContainerItemProxy section */
		C938D2EE287D272700164E6C /* PBXContainerItemProxy */ = {
			isa = PBXContainerItemProxy;
			containerPortal = C95ACE9728610D5A002CD608 /* Project object */;
			proxyType = 1;
			remoteGlobalIDString = C938D2EB287D272700164E6C;
			remoteInfo = "WatchLandmarks WatchKit Extension";
		};
		C938D307287D272800164E6C /* PBXContainerItemProxy */ = {
			isa = PBXContainerItemProxy;
			containerPortal = C95ACE9728610D5A002CD608 /* Project object */;
			proxyType = 1;
			remoteGlobalIDString = C938D2EB287D272700164E6C;
			remoteInfo = "WatchLandmarks WatchKit Extension";
		};
		C938D311287D272800164E6C /* PBXContainerItemProxy */ = {
			isa = PBXContainerItemProxy;
			containerPortal = C95ACE9728610D5A002CD608 /* Project object */;
			proxyType = 1;
			remoteGlobalIDString = C938D2E3287D272600164E6C;
			remoteInfo = WatchLandmarks;
		};
		C938D318287D272800164E6C /* PBXContainerItemProxy */ = {
			isa = PBXContainerItemProxy;
			containerPortal = C95ACE9728610D5A002CD608 /* Project object */;
			proxyType = 1;
			remoteGlobalIDString = C938D2E3287D272600164E6C;
			remoteInfo = WatchLandmarks;
		};
		C9414217287F03EB00E393EB /* PBXContainerItemProxy */ = {
			isa = PBXContainerItemProxy;
			containerPortal = C95ACE9728610D5A002CD608 /* Project object */;
			proxyType = 1;
			remoteGlobalIDString = C9414205287F03EA00E393EB;
			remoteInfo = MacLandmarks;
		};
		C9414221287F03EB00E393EB /* PBXContainerItemProxy */ = {
			isa = PBXContainerItemProxy;
			containerPortal = C95ACE9728610D5A002CD608 /* Project object */;
			proxyType = 1;
			remoteGlobalIDString = C9414205287F03EA00E393EB;
			remoteInfo = MacLandmarks;
		};
		C95ACEB028610D5B002CD608 /* PBXContainerItemProxy */ = {
			isa = PBXContainerItemProxy;
			containerPortal = C95ACE9728610D5A002CD608 /* Project object */;
			proxyType = 1;
			remoteGlobalIDString = C95ACE9E28610D5A002CD608;
			remoteInfo = Landmarks;
		};
		C95ACEBA28610D5B002CD608 /* PBXContainerItemProxy */ = {
			isa = PBXContainerItemProxy;
			containerPortal = C95ACE9728610D5A002CD608 /* Project object */;
			proxyType = 1;
			remoteGlobalIDString = C95ACE9E28610D5A002CD608;
			remoteInfo = Landmarks;
		};
/* End PBXContainerItemProxy section */

/* Begin PBXCopyFilesBuildPhase section */
		C938D31E287D272800164E6C /* Embed App Extensions */ = {
			isa = PBXCopyFilesBuildPhase;
			buildActionMask = 2147483647;
			dstPath = "";
			dstSubfolderSpec = 13;
			files = (
				C938D2ED287D272700164E6C /* WatchLandmarks WatchKit Extension.appex in Embed App Extensions */,
			);
			name = "Embed App Extensions";
			runOnlyForDeploymentPostprocessing = 0;
		};
		C938D322287D272800164E6C /* Embed Watch Content */ = {
			isa = PBXCopyFilesBuildPhase;
			buildActionMask = 2147483647;
			dstPath = "$(CONTENTS_FOLDER_PATH)/Watch";
			dstSubfolderSpec = 16;
			files = (
				C938D31A287D272800164E6C /* WatchLandmarks.app in Embed Watch Content */,
			);
			name = "Embed Watch Content";
			runOnlyForDeploymentPostprocessing = 0;
		};
/* End PBXCopyFilesBuildPhase section */

/* Begin PBXFileReference section */
		C912593E287E4EEF0038EF39 /* LandmarkDetail.swift */ = {isa = PBXFileReference; lastKnownFileType = sourcecode.swift; path = LandmarkDetail.swift; sourceTree = "<group>"; };
		C934EC80287CFBDB00C99B41 /* ProfileSummary.swift */ = {isa = PBXFileReference; lastKnownFileType = sourcecode.swift; path = ProfileSummary.swift; sourceTree = "<group>"; };
		C934EC82287D057C00C99B41 /* HikeBadge.swift */ = {isa = PBXFileReference; lastKnownFileType = sourcecode.swift; path = HikeBadge.swift; sourceTree = "<group>"; };
		C934EC84287D0E6B00C99B41 /* ProfileEditor.swift */ = {isa = PBXFileReference; lastKnownFileType = sourcecode.swift; path = ProfileEditor.swift; sourceTree = "<group>"; };
		C938D2DA287D1FBF00164E6C /* PageViewController.swift */ = {isa = PBXFileReference; lastKnownFileType = sourcecode.swift; path = PageViewController.swift; sourceTree = "<group>"; };
		C938D2DC287D218400164E6C /* FeatureCard.swift */ = {isa = PBXFileReference; lastKnownFileType = sourcecode.swift; path = FeatureCard.swift; sourceTree = "<group>"; };
		C938D2DE287D223900164E6C /* PageView.swift */ = {isa = PBXFileReference; lastKnownFileType = sourcecode.swift; path = PageView.swift; sourceTree = "<group>"; };
		C938D2E0287D24F500164E6C /* PageControl.swift */ = {isa = PBXFileReference; lastKnownFileType = sourcecode.swift; path = PageControl.swift; sourceTree = "<group>"; };
		C938D2E4287D272600164E6C /* WatchLandmarks.app */ = {isa = PBXFileReference; explicitFileType = wrapper.application; includeInIndex = 0; path = WatchLandmarks.app; sourceTree = BUILT_PRODUCTS_DIR; };
		C938D2E6287D272700164E6C /* Assets.xcassets */ = {isa = PBXFileReference; lastKnownFileType = folder.assetcatalog; path = Assets.xcassets; sourceTree = "<group>"; };
		C938D2EC287D272700164E6C /* WatchLandmarks WatchKit Extension.appex */ = {isa = PBXFileReference; explicitFileType = "wrapper.app-extension"; includeInIndex = 0; path = "WatchLandmarks WatchKit Extension.appex"; sourceTree = BUILT_PRODUCTS_DIR; };
		C938D2F3287D272700164E6C /* ContentView.swift */ = {isa = PBXFileReference; lastKnownFileType = sourcecode.swift; path = ContentView.swift; sourceTree = "<group>"; };
		C938D2F5287D272700164E6C /* NotificationController.swift */ = {isa = PBXFileReference; lastKnownFileType = sourcecode.swift; path = NotificationController.swift; sourceTree = "<group>"; };
		C938D2F7287D272700164E6C /* NotificationView.swift */ = {isa = PBXFileReference; lastKnownFileType = sourcecode.swift; path = NotificationView.swift; sourceTree = "<group>"; };
		C938D2F9287D272700164E6C /* ComplicationController.swift */ = {isa = PBXFileReference; lastKnownFileType = sourcecode.swift; path = ComplicationController.swift; sourceTree = "<group>"; };
		C938D2FB287D272800164E6C /* Assets.xcassets */ = {isa = PBXFileReference; lastKnownFileType = folder.assetcatalog; path = Assets.xcassets; sourceTree = "<group>"; };
		C938D2FE287D272800164E6C /* Preview Assets.xcassets */ = {isa = PBXFileReference; lastKnownFileType = folder.assetcatalog; path = "Preview Assets.xcassets"; sourceTree = "<group>"; };
		C938D300287D272800164E6C /* Info.plist */ = {isa = PBXFileReference; lastKnownFileType = text.plist.xml; path = Info.plist; sourceTree = "<group>"; };
		C938D301287D272800164E6C /* PushNotificationPayload.apns */ = {isa = PBXFileReference; lastKnownFileType = text; path = PushNotificationPayload.apns; sourceTree = "<group>"; };
		C938D306287D272800164E6C /* WatchLandmarksTests.xctest */ = {isa = PBXFileReference; explicitFileType = wrapper.cfbundle; includeInIndex = 0; path = WatchLandmarksTests.xctest; sourceTree = BUILT_PRODUCTS_DIR; };
		C938D30A287D272800164E6C /* WatchLandmarksTests.swift */ = {isa = PBXFileReference; lastKnownFileType = sourcecode.swift; path = WatchLandmarksTests.swift; sourceTree = "<group>"; };
		C938D310287D272800164E6C /* WatchLandmarksUITests.xctest */ = {isa = PBXFileReference; explicitFileType = wrapper.cfbundle; includeInIndex = 0; path = WatchLandmarksUITests.xctest; sourceTree = BUILT_PRODUCTS_DIR; };
		C938D314287D272800164E6C /* WatchLandmarksUITests.swift */ = {isa = PBXFileReference; lastKnownFileType = sourcecode.swift; path = WatchLandmarksUITests.swift; sourceTree = "<group>"; };
		C938D316287D272800164E6C /* WatchLandmarksUITestsLaunchTests.swift */ = {isa = PBXFileReference; lastKnownFileType = sourcecode.swift; path = WatchLandmarksUITestsLaunchTests.swift; sourceTree = "<group>"; };
		C9414206287F03EA00E393EB /* MacLandmarks.app */ = {isa = PBXFileReference; explicitFileType = wrapper.application; includeInIndex = 0; path = MacLandmarks.app; sourceTree = BUILT_PRODUCTS_DIR; };
		C941420A287F03EA00E393EB /* ContentView.swift */ = {isa = PBXFileReference; lastKnownFileType = sourcecode.swift; path = ContentView.swift; sourceTree = "<group>"; };
		C941420C287F03EB00E393EB /* Assets.xcassets */ = {isa = PBXFileReference; lastKnownFileType = folder.assetcatalog; path = Assets.xcassets; sourceTree = "<group>"; };
		C941420F287F03EB00E393EB /* Preview Assets.xcassets */ = {isa = PBXFileReference; lastKnownFileType = folder.assetcatalog; path = "Preview Assets.xcassets"; sourceTree = "<group>"; };
		C9414211287F03EB00E393EB /* MacLandmarks.entitlements */ = {isa = PBXFileReference; lastKnownFileType = text.plist.entitlements; path = MacLandmarks.entitlements; sourceTree = "<group>"; };
		C9414216287F03EB00E393EB /* MacLandmarksTests.xctest */ = {isa = PBXFileReference; explicitFileType = wrapper.cfbundle; includeInIndex = 0; path = MacLandmarksTests.xctest; sourceTree = BUILT_PRODUCTS_DIR; };
		C941421A287F03EB00E393EB /* MacLandmarksTests.swift */ = {isa = PBXFileReference; lastKnownFileType = sourcecode.swift; path = MacLandmarksTests.swift; sourceTree = "<group>"; };
		C9414220287F03EB00E393EB /* MacLandmarksUITests.xctest */ = {isa = PBXFileReference; explicitFileType = wrapper.cfbundle; includeInIndex = 0; path = MacLandmarksUITests.xctest; sourceTree = BUILT_PRODUCTS_DIR; };
		C9414224287F03EB00E393EB /* MacLandmarksUITests.swift */ = {isa = PBXFileReference; lastKnownFileType = sourcecode.swift; path = MacLandmarksUITests.swift; sourceTree = "<group>"; };
		C9414226287F03EB00E393EB /* MacLandmarksUITestsLaunchTests.swift */ = {isa = PBXFileReference; lastKnownFileType = sourcecode.swift; path = MacLandmarksUITestsLaunchTests.swift; sourceTree = "<group>"; };
		C94BF12D287509B900493B08 /* LandmarkDetail.swift */ = {isa = PBXFileReference; lastKnownFileType = sourcecode.swift; path = LandmarkDetail.swift; sourceTree = "<group>"; };
		C95A784928765D0D007CB905 /* FavoriteButton.swift */ = {isa = PBXFileReference; lastKnownFileType = sourcecode.swift; path = FavoriteButton.swift; sourceTree = "<group>"; };
		C95ACE9F28610D5A002CD608 /* Landmarks.app */ = {isa = PBXFileReference; explicitFileType = wrapper.application; includeInIndex = 0; path = Landmarks.app; sourceTree = BUILT_PRODUCTS_DIR; };
		C95ACEA228610D5A002CD608 /* LandmarksApp.swift */ = {isa = PBXFileReference; lastKnownFileType = sourcecode.swift; path = LandmarksApp.swift; sourceTree = "<group>"; };
		C95ACEA428610D5A002CD608 /* ContentView.swift */ = {isa = PBXFileReference; lastKnownFileType = sourcecode.swift; path = ContentView.swift; sourceTree = "<group>"; };
		C95ACEA628610D5B002CD608 /* Assets.xcassets */ = {isa = PBXFileReference; lastKnownFileType = folder.assetcatalog; path = Assets.xcassets; sourceTree = "<group>"; };
		C95ACEA928610D5B002CD608 /* Preview Assets.xcassets */ = {isa = PBXFileReference; lastKnownFileType = folder.assetcatalog; path = "Preview Assets.xcassets"; sourceTree = "<group>"; };
		C95ACEAF28610D5B002CD608 /* LandmarksTests.xctest */ = {isa = PBXFileReference; explicitFileType = wrapper.cfbundle; includeInIndex = 0; path = LandmarksTests.xctest; sourceTree = BUILT_PRODUCTS_DIR; };
		C95ACEB328610D5B002CD608 /* LandmarksTests.swift */ = {isa = PBXFileReference; lastKnownFileType = sourcecode.swift; path = LandmarksTests.swift; sourceTree = "<group>"; };
		C95ACEB928610D5B002CD608 /* LandmarksUITests.xctest */ = {isa = PBXFileReference; explicitFileType = wrapper.cfbundle; includeInIndex = 0; path = LandmarksUITests.xctest; sourceTree = BUILT_PRODUCTS_DIR; };
		C95ACEBD28610D5B002CD608 /* LandmarksUITests.swift */ = {isa = PBXFileReference; lastKnownFileType = sourcecode.swift; path = LandmarksUITests.swift; sourceTree = "<group>"; };
		C95ACEBF28610D5B002CD608 /* LandmarksUITestsLaunchTests.swift */ = {isa = PBXFileReference; lastKnownFileType = sourcecode.swift; path = LandmarksUITestsLaunchTests.swift; sourceTree = "<group>"; };
		C960785E28726D5500A0649C /* CircleImage.swift */ = {isa = PBXFileReference; lastKnownFileType = sourcecode.swift; path = CircleImage.swift; sourceTree = "<group>"; };
		C960786028726E0A00A0649C /* MapView.swift */ = {isa = PBXFileReference; lastKnownFileType = sourcecode.swift; path = MapView.swift; sourceTree = "<group>"; };
		C967FB37287756D600D1B439 /* BadgeBackground.swift */ = {isa = PBXFileReference; lastKnownFileType = sourcecode.swift; path = BadgeBackground.swift; sourceTree = "<group>"; };
		C967FB3928775BCE00D1B439 /* BadgeSymbol.swift */ = {isa = PBXFileReference; lastKnownFileType = sourcecode.swift; path = BadgeSymbol.swift; sourceTree = "<group>"; };
		C967FB3B2877746D00D1B439 /* Badge.swift */ = {isa = PBXFileReference; lastKnownFileType = sourcecode.swift; path = Badge.swift; sourceTree = "<group>"; };
		C967FB3E2877780D00D1B439 /* hikeData.json */ = {isa = PBXFileReference; fileEncoding = 4; lastKnownFileType = text.json; path = hikeData.json; sourceTree = "<group>"; };
		C967FB40287779C800D1B439 /* Hike.swift */ = {isa = PBXFileReference; lastKnownFileType = sourcecode.swift; path = Hike.swift; sourceTree = "<group>"; };
		C967FB4728777BC900D1B439 /* GraphCapsule.swift */ = {isa = PBXFileReference; fileEncoding = 4; lastKnownFileType = sourcecode.swift; path = GraphCapsule.swift; sourceTree = "<group>"; };
		C967FB4828777BC900D1B439 /* HikeGraph.swift */ = {isa = PBXFileReference; fileEncoding = 4; lastKnownFileType = sourcecode.swift; path = HikeGraph.swift; sourceTree = "<group>"; };
		C967FB4928777BC900D1B439 /* HikeDetail.swift */ = {isa = PBXFileReference; fileEncoding = 4; lastKnownFileType = sourcecode.swift; path = HikeDetail.swift; sourceTree = "<group>"; };
		C967FB4A28777BC900D1B439 /* HikeView.swift */ = {isa = PBXFileReference; fileEncoding = 4; lastKnownFileType = sourcecode.swift; path = HikeView.swift; sourceTree = "<group>"; };
		C967FB4F28777D4B00D1B439 /* LICENSE.txt */ = {isa = PBXFileReference; fileEncoding = 4; lastKnownFileType = text; path = LICENSE.txt; sourceTree = "<group>"; };
		C9A4D68828768E9500D4906C /* HexagonParameters.swift */ = {isa = PBXFileReference; lastKnownFileType = sourcecode.swift; path = HexagonParameters.swift; sourceTree = "<group>"; };
		C9BADF4B2873BDD0006E1FB8 /* LandmarkList.swift */ = {isa = PBXFileReference; lastKnownFileType = sourcecode.swift; path = LandmarkList.swift; sourceTree = "<group>"; };
		C9C93CE2287294C800AF55D6 /* landmarkData.json */ = {isa = PBXFileReference; fileEncoding = 4; lastKnownFileType = text.json; path = landmarkData.json; sourceTree = "<group>"; };
		C9C93CE52872951000AF55D6 /* Landmark.swift */ = {isa = PBXFileReference; lastKnownFileType = sourcecode.swift; path = Landmark.swift; sourceTree = "<group>"; };
		C9C93CE7287296AB00AF55D6 /* ModelData.swift */ = {isa = PBXFileReference; lastKnownFileType = sourcecode.swift; path = ModelData.swift; sourceTree = "<group>"; };
		C9C93CEA2872978200AF55D6 /* LandmarkRow.swift */ = {isa = PBXFileReference; lastKnownFileType = sourcecode.swift; path = LandmarkRow.swift; sourceTree = "<group>"; };
		C9D2F8C028794DAD0077A1C5 /* CategoryHome.swift */ = {isa = PBXFileReference; lastKnownFileType = sourcecode.swift; path = CategoryHome.swift; sourceTree = "<group>"; };
		C9DBEF4B287F385100C02419 /* LandmarkDetail.swift */ = {isa = PBXFileReference; lastKnownFileType = sourcecode.swift; path = LandmarkDetail.swift; sourceTree = "<group>"; };
		C9DF0E462880EF1800C89156 /* LandmarkList.swift */ = {isa = PBXFileReference; lastKnownFileType = sourcecode.swift; path = LandmarkList.swift; sourceTree = "<group>"; };
		C9DF0E482880F75100C89156 /* LandmarkCommands.swift */ = {isa = PBXFileReference; lastKnownFileType = sourcecode.swift; path = LandmarkCommands.swift; sourceTree = "<group>"; };
		C9F4556F287B38010072DBA3 /* CategoryRow.swift */ = {isa = PBXFileReference; lastKnownFileType = sourcecode.swift; path = CategoryRow.swift; sourceTree = "<group>"; };
		C9F45571287B3C1E0072DBA3 /* CategoryItem.swift */ = {isa = PBXFileReference; lastKnownFileType = sourcecode.swift; path = CategoryItem.swift; sourceTree = "<group>"; };
		C9F45573287BC1E80072DBA3 /* Profile.swift */ = {isa = PBXFileReference; lastKnownFileType = sourcecode.swift; path = Profile.swift; sourceTree = "<group>"; };
		C9F45576287BC3530072DBA3 /* ProfileHost.swift */ = {isa = PBXFileReference; lastKnownFileType = sourcecode.swift; path = ProfileHost.swift; sourceTree = "<group>"; };
/* End PBXFileReference section */

/* Begin PBXFrameworksBuildPhase section */
		C938D2E9287D272700164E6C /* Frameworks */ = {
			isa = PBXFrameworksBuildPhase;
			buildActionMask = 2147483647;
			files = (
			);
			runOnlyForDeploymentPostprocessing = 0;
		};
		C938D303287D272800164E6C /* Frameworks */ = {
			isa = PBXFrameworksBuildPhase;
			buildActionMask = 2147483647;
			files = (
			);
			runOnlyForDeploymentPostprocessing = 0;
		};
		C938D30D287D272800164E6C /* Frameworks */ = {
			isa = PBXFrameworksBuildPhase;
			buildActionMask = 2147483647;
			files = (
			);
			runOnlyForDeploymentPostprocessing = 0;
		};
		C9414203287F03EA00E393EB /* Frameworks */ = {
			isa = PBXFrameworksBuildPhase;
			buildActionMask = 2147483647;
			files = (
			);
			runOnlyForDeploymentPostprocessing = 0;
		};
		C9414213287F03EB00E393EB /* Frameworks */ = {
			isa = PBXFrameworksBuildPhase;
			buildActionMask = 2147483647;
			files = (
			);
			runOnlyForDeploymentPostprocessing = 0;
		};
		C941421D287F03EB00E393EB /* Frameworks */ = {
			isa = PBXFrameworksBuildPhase;
			buildActionMask = 2147483647;
			files = (
			);
			runOnlyForDeploymentPostprocessing = 0;
		};
		C95ACE9C28610D5A002CD608 /* Frameworks */ = {
			isa = PBXFrameworksBuildPhase;
			buildActionMask = 2147483647;
			files = (
			);
			runOnlyForDeploymentPostprocessing = 0;
		};
		C95ACEAC28610D5B002CD608 /* Frameworks */ = {
			isa = PBXFrameworksBuildPhase;
			buildActionMask = 2147483647;
			files = (
			);
			runOnlyForDeploymentPostprocessing = 0;
		};
		C95ACEB628610D5B002CD608 /* Frameworks */ = {
			isa = PBXFrameworksBuildPhase;
			buildActionMask = 2147483647;
			files = (
			);
			runOnlyForDeploymentPostprocessing = 0;
		};
/* End PBXFrameworksBuildPhase section */

/* Begin PBXGroup section */
		C938D2D9287D1FA200164E6C /* PageView */ = {
			isa = PBXGroup;
			children = (
				C938D2DA287D1FBF00164E6C /* PageViewController.swift */,
				C938D2DC287D218400164E6C /* FeatureCard.swift */,
				C938D2DE287D223900164E6C /* PageView.swift */,
				C938D2E0287D24F500164E6C /* PageControl.swift */,
			);
			path = PageView;
			sourceTree = "<group>";
		};
		C938D2E5287D272600164E6C /* WatchLandmarks */ = {
			isa = PBXGroup;
			children = (
				C938D2E6287D272700164E6C /* Assets.xcassets */,
			);
			path = WatchLandmarks;
			sourceTree = "<group>";
		};
		C938D2F0287D272700164E6C /* WatchLandmarks WatchKit Extension */ = {
			isa = PBXGroup;
			children = (
				C938D2F3287D272700164E6C /* ContentView.swift */,
				C938D2F5287D272700164E6C /* NotificationController.swift */,
				C938D2F7287D272700164E6C /* NotificationView.swift */,
				C938D2F9287D272700164E6C /* ComplicationController.swift */,
				C938D2FB287D272800164E6C /* Assets.xcassets */,
				C938D300287D272800164E6C /* Info.plist */,
				C938D301287D272800164E6C /* PushNotificationPayload.apns */,
				C938D2FD287D272800164E6C /* Preview Content */,
				C912593E287E4EEF0038EF39 /* LandmarkDetail.swift */,
				C9DF0E462880EF1800C89156 /* LandmarkList.swift */,
			);
			path = "WatchLandmarks WatchKit Extension";
			sourceTree = "<group>";
		};
		C938D2FD287D272800164E6C /* Preview Content */ = {
			isa = PBXGroup;
			children = (
				C938D2FE287D272800164E6C /* Preview Assets.xcassets */,
			);
			path = "Preview Content";
			sourceTree = "<group>";
		};
		C938D309287D272800164E6C /* WatchLandmarksTests */ = {
			isa = PBXGroup;
			children = (
				C938D30A287D272800164E6C /* WatchLandmarksTests.swift */,
			);
			path = WatchLandmarksTests;
			sourceTree = "<group>";
		};
		C938D313287D272800164E6C /* WatchLandmarksUITests */ = {
			isa = PBXGroup;
			children = (
				C938D314287D272800164E6C /* WatchLandmarksUITests.swift */,
				C938D316287D272800164E6C /* WatchLandmarksUITestsLaunchTests.swift */,
			);
			path = WatchLandmarksUITests;
			sourceTree = "<group>";
		};
		C9414207287F03EA00E393EB /* MacLandmarks */ = {
			isa = PBXGroup;
			children = (
				C941420A287F03EA00E393EB /* ContentView.swift */,
				C941420C287F03EB00E393EB /* Assets.xcassets */,
				C9414211287F03EB00E393EB /* MacLandmarks.entitlements */,
				C941420E287F03EB00E393EB /* Preview Content */,
				C9DBEF4B287F385100C02419 /* LandmarkDetail.swift */,
			);
			path = MacLandmarks;
			sourceTree = "<group>";
		};
		C941420E287F03EB00E393EB /* Preview Content */ = {
			isa = PBXGroup;
			children = (
				C941420F287F03EB00E393EB /* Preview Assets.xcassets */,
			);
			path = "Preview Content";
			sourceTree = "<group>";
		};
		C9414219287F03EB00E393EB /* MacLandmarksTests */ = {
			isa = PBXGroup;
			children = (
				C941421A287F03EB00E393EB /* MacLandmarksTests.swift */,
			);
			path = MacLandmarksTests;
			sourceTree = "<group>";
		};
		C9414223287F03EB00E393EB /* MacLandmarksUITests */ = {
			isa = PBXGroup;
			children = (
				C9414224287F03EB00E393EB /* MacLandmarksUITests.swift */,
				C9414226287F03EB00E393EB /* MacLandmarksUITestsLaunchTests.swift */,
			);
			path = MacLandmarksUITests;
			sourceTree = "<group>";
		};
		C95A784B28765F09007CB905 /* Landmarks */ = {
			isa = PBXGroup;
			children = (
				C9C93CEA2872978200AF55D6 /* LandmarkRow.swift */,
				C9BADF4B2873BDD0006E1FB8 /* LandmarkList.swift */,
				C94BF12D287509B900493B08 /* LandmarkDetail.swift */,
			);
			path = Landmarks;
			sourceTree = "<group>";
		};
		C95A784C28765F15007CB905 /* Helpers */ = {
			isa = PBXGroup;
			children = (
				C960785E28726D5500A0649C /* CircleImage.swift */,
				C960786028726E0A00A0649C /* MapView.swift */,
				C95A784928765D0D007CB905 /* FavoriteButton.swift */,
			);
			path = Helpers;
			sourceTree = "<group>";
		};
		C95ACE9628610D5A002CD608 = {
			isa = PBXGroup;
			children = (
				C95ACEA128610D5A002CD608 /* Landmarks */,
				C95ACEB228610D5B002CD608 /* LandmarksTests */,
				C95ACEBC28610D5B002CD608 /* LandmarksUITests */,
				C938D2E5287D272600164E6C /* WatchLandmarks */,
				C938D2F0287D272700164E6C /* WatchLandmarks WatchKit Extension */,
				C938D309287D272800164E6C /* WatchLandmarksTests */,
				C938D313287D272800164E6C /* WatchLandmarksUITests */,
				C9414207287F03EA00E393EB /* MacLandmarks */,
				C9414219287F03EB00E393EB /* MacLandmarksTests */,
				C9414223287F03EB00E393EB /* MacLandmarksUITests */,
				C95ACEA028610D5A002CD608 /* Products */,
			);
			sourceTree = "<group>";
		};
		C95ACEA028610D5A002CD608 /* Products */ = {
			isa = PBXGroup;
			children = (
				C95ACE9F28610D5A002CD608 /* Landmarks.app */,
				C95ACEAF28610D5B002CD608 /* LandmarksTests.xctest */,
				C95ACEB928610D5B002CD608 /* LandmarksUITests.xctest */,
				C938D2E4287D272600164E6C /* WatchLandmarks.app */,
				C938D2EC287D272700164E6C /* WatchLandmarks WatchKit Extension.appex */,
				C938D306287D272800164E6C /* WatchLandmarksTests.xctest */,
				C938D310287D272800164E6C /* WatchLandmarksUITests.xctest */,
				C9414206287F03EA00E393EB /* MacLandmarks.app */,
				C9414216287F03EB00E393EB /* MacLandmarksTests.xctest */,
				C9414220287F03EB00E393EB /* MacLandmarksUITests.xctest */,
			);
			name = Products;
			sourceTree = "<group>";
		};
		C95ACEA128610D5A002CD608 /* Landmarks */ = {
			isa = PBXGroup;
			children = (
				C967FB4F28777D4B00D1B439 /* LICENSE.txt */,
				C9C93CE92872973700AF55D6 /* Resources */,
				C9C93CE42872950100AF55D6 /* Models */,
				C960785D28726D2A00A0649C /* Views */,
				C95ACEA228610D5A002CD608 /* LandmarksApp.swift */,
				C95ACEA428610D5A002CD608 /* ContentView.swift */,
				C95ACEA628610D5B002CD608 /* Assets.xcassets */,
				C9DF0E482880F75100C89156 /* LandmarkCommands.swift */,
				C95ACEA828610D5B002CD608 /* Preview Content */,
			);
			path = Landmarks;
			sourceTree = "<group>";
		};
		C95ACEA828610D5B002CD608 /* Preview Content */ = {
			isa = PBXGroup;
			children = (
				C95ACEA928610D5B002CD608 /* Preview Assets.xcassets */,
			);
			path = "Preview Content";
			sourceTree = "<group>";
		};
		C95ACEB228610D5B002CD608 /* LandmarksTests */ = {
			isa = PBXGroup;
			children = (
				C95ACEB328610D5B002CD608 /* LandmarksTests.swift */,
			);
			path = LandmarksTests;
			sourceTree = "<group>";
		};
		C95ACEBC28610D5B002CD608 /* LandmarksUITests */ = {
			isa = PBXGroup;
			children = (
				C95ACEBD28610D5B002CD608 /* LandmarksUITests.swift */,
				C95ACEBF28610D5B002CD608 /* LandmarksUITestsLaunchTests.swift */,
			);
			path = LandmarksUITests;
			sourceTree = "<group>";
		};
		C960785D28726D2A00A0649C /* Views */ = {
			isa = PBXGroup;
			children = (
				C938D2D9287D1FA200164E6C /* PageView */,
				C9F45575287BC3460072DBA3 /* Profiles */,
				C9D2F8BF28794D960077A1C5 /* Categories */,
				C967FB4628777BC900D1B439 /* Hikes */,
				C95A784C28765F15007CB905 /* Helpers */,
				C95A784B28765F09007CB905 /* Landmarks */,
				C967FB3D2877757F00D1B439 /* Badges */,
			);
			path = Views;
			sourceTree = "<group>";
		};
		C967FB3D2877757F00D1B439 /* Badges */ = {
			isa = PBXGroup;
			children = (
				C9A4D68828768E9500D4906C /* HexagonParameters.swift */,
				C967FB37287756D600D1B439 /* BadgeBackground.swift */,
				C967FB3928775BCE00D1B439 /* BadgeSymbol.swift */,
				C967FB3B2877746D00D1B439 /* Badge.swift */,
			);
			path = Badges;
			sourceTree = "<group>";
		};
		C967FB4628777BC900D1B439 /* Hikes */ = {
			isa = PBXGroup;
			children = (
				C967FB4728777BC900D1B439 /* GraphCapsule.swift */,
				C967FB4828777BC900D1B439 /* HikeGraph.swift */,
				C967FB4928777BC900D1B439 /* HikeDetail.swift */,
				C967FB4A28777BC900D1B439 /* HikeView.swift */,
				C934EC82287D057C00C99B41 /* HikeBadge.swift */,
			);
			path = Hikes;
			sourceTree = "<group>";
		};
		C9C93CE42872950100AF55D6 /* Models */ = {
			isa = PBXGroup;
			children = (
				C9C93CE52872951000AF55D6 /* Landmark.swift */,
				C9C93CE7287296AB00AF55D6 /* ModelData.swift */,
				C967FB40287779C800D1B439 /* Hike.swift */,
				C9F45573287BC1E80072DBA3 /* Profile.swift */,
			);
			path = Models;
			sourceTree = "<group>";
		};
		C9C93CE92872973700AF55D6 /* Resources */ = {
			isa = PBXGroup;
			children = (
				C9C93CE2287294C800AF55D6 /* landmarkData.json */,
				C967FB3E2877780D00D1B439 /* hikeData.json */,
			);
			path = Resources;
			sourceTree = "<group>";
		};
		C9D2F8BF28794D960077A1C5 /* Categories */ = {
			isa = PBXGroup;
			children = (
				C9D2F8C028794DAD0077A1C5 /* CategoryHome.swift */,
				C9F4556F287B38010072DBA3 /* CategoryRow.swift */,
				C9F45571287B3C1E0072DBA3 /* CategoryItem.swift */,
			);
			path = Categories;
			sourceTree = "<group>";
		};
		C9F45575287BC3460072DBA3 /* Profiles */ = {
			isa = PBXGroup;
			children = (
				C9F45576287BC3530072DBA3 /* ProfileHost.swift */,
				C934EC80287CFBDB00C99B41 /* ProfileSummary.swift */,
				C934EC84287D0E6B00C99B41 /* ProfileEditor.swift */,
			);
			path = Profiles;
			sourceTree = "<group>";
		};
/* End PBXGroup section */

/* Begin PBXNativeTarget section */
		C938D2E3287D272600164E6C /* WatchLandmarks */ = {
			isa = PBXNativeTarget;
			buildConfigurationList = C938D31F287D272800164E6C /* Build configuration list for PBXNativeTarget "WatchLandmarks" */;
			buildPhases = (
				C938D2E2287D272600164E6C /* Resources */,
				C938D31E287D272800164E6C /* Embed App Extensions */,
			);
			buildRules = (
			);
			dependencies = (
				C938D2EF287D272700164E6C /* PBXTargetDependency */,
			);
			name = WatchLandmarks;
			productName = WatchLandmarks;
			productReference = C938D2E4287D272600164E6C /* WatchLandmarks.app */;
			productType = "com.apple.product-type.application.watchapp2";
		};
		C938D2EB287D272700164E6C /* WatchLandmarks WatchKit Extension */ = {
			isa = PBXNativeTarget;
			buildConfigurationList = C938D31B287D272800164E6C /* Build configuration list for PBXNativeTarget "WatchLandmarks WatchKit Extension" */;
			buildPhases = (
				C938D2E8287D272700164E6C /* Sources */,
				C938D2E9287D272700164E6C /* Frameworks */,
				C938D2EA287D272700164E6C /* Resources */,
			);
			buildRules = (
			);
			dependencies = (
			);
			name = "WatchLandmarks WatchKit Extension";
			productName = "WatchLandmarks WatchKit Extension";
			productReference = C938D2EC287D272700164E6C /* WatchLandmarks WatchKit Extension.appex */;
			productType = "com.apple.product-type.watchkit2-extension";
		};
		C938D305287D272800164E6C /* WatchLandmarksTests */ = {
			isa = PBXNativeTarget;
			buildConfigurationList = C938D323287D272800164E6C /* Build configuration list for PBXNativeTarget "WatchLandmarksTests" */;
			buildPhases = (
				C938D302287D272800164E6C /* Sources */,
				C938D303287D272800164E6C /* Frameworks */,
				C938D304287D272800164E6C /* Resources */,
			);
			buildRules = (
			);
			dependencies = (
				C938D308287D272800164E6C /* PBXTargetDependency */,
			);
			name = WatchLandmarksTests;
			productName = WatchLandmarksTests;
			productReference = C938D306287D272800164E6C /* WatchLandmarksTests.xctest */;
			productType = "com.apple.product-type.bundle.unit-test";
		};
		C938D30F287D272800164E6C /* WatchLandmarksUITests */ = {
			isa = PBXNativeTarget;
			buildConfigurationList = C938D326287D272800164E6C /* Build configuration list for PBXNativeTarget "WatchLandmarksUITests" */;
			buildPhases = (
				C938D30C287D272800164E6C /* Sources */,
				C938D30D287D272800164E6C /* Frameworks */,
				C938D30E287D272800164E6C /* Resources */,
			);
			buildRules = (
			);
			dependencies = (
				C938D312287D272800164E6C /* PBXTargetDependency */,
			);
			name = WatchLandmarksUITests;
			productName = WatchLandmarksUITests;
			productReference = C938D310287D272800164E6C /* WatchLandmarksUITests.xctest */;
			productType = "com.apple.product-type.bundle.ui-testing";
		};
		C9414205287F03EA00E393EB /* MacLandmarks */ = {
			isa = PBXNativeTarget;
			buildConfigurationList = C941422E287F03EB00E393EB /* Build configuration list for PBXNativeTarget "MacLandmarks" */;
			buildPhases = (
				C9414202287F03EA00E393EB /* Sources */,
				C9414203287F03EA00E393EB /* Frameworks */,
				C9414204287F03EA00E393EB /* Resources */,
			);
			buildRules = (
			);
			dependencies = (
			);
			name = MacLandmarks;
			productName = MacLandmarks;
			productReference = C9414206287F03EA00E393EB /* MacLandmarks.app */;
			productType = "com.apple.product-type.application";
		};
		C9414215287F03EB00E393EB /* MacLandmarksTests */ = {
			isa = PBXNativeTarget;
			buildConfigurationList = C941422F287F03EB00E393EB /* Build configuration list for PBXNativeTarget "MacLandmarksTests" */;
			buildPhases = (
				C9414212287F03EB00E393EB /* Sources */,
				C9414213287F03EB00E393EB /* Frameworks */,
				C9414214287F03EB00E393EB /* Resources */,
			);
			buildRules = (
			);
			dependencies = (
				C9414218287F03EB00E393EB /* PBXTargetDependency */,
			);
			name = MacLandmarksTests;
			productName = MacLandmarksTests;
			productReference = C9414216287F03EB00E393EB /* MacLandmarksTests.xctest */;
			productType = "com.apple.product-type.bundle.unit-test";
		};
		C941421F287F03EB00E393EB /* MacLandmarksUITests */ = {
			isa = PBXNativeTarget;
			buildConfigurationList = C9414230287F03EB00E393EB /* Build configuration list for PBXNativeTarget "MacLandmarksUITests" */;
			buildPhases = (
				C941421C287F03EB00E393EB /* Sources */,
				C941421D287F03EB00E393EB /* Frameworks */,
				C941421E287F03EB00E393EB /* Resources */,
			);
			buildRules = (
			);
			dependencies = (
				C9414222287F03EB00E393EB /* PBXTargetDependency */,
			);
			name = MacLandmarksUITests;
			productName = MacLandmarksUITests;
			productReference = C9414220287F03EB00E393EB /* MacLandmarksUITests.xctest */;
			productType = "com.apple.product-type.bundle.ui-testing";
		};
		C95ACE9E28610D5A002CD608 /* Landmarks */ = {
			isa = PBXNativeTarget;
			buildConfigurationList = C95ACEC328610D5B002CD608 /* Build configuration list for PBXNativeTarget "Landmarks" */;
			buildPhases = (
				C95ACE9B28610D5A002CD608 /* Sources */,
				C95ACE9C28610D5A002CD608 /* Frameworks */,
				C95ACE9D28610D5A002CD608 /* Resources */,
				C938D322287D272800164E6C /* Embed Watch Content */,
			);
			buildRules = (
			);
			dependencies = (
				C938D319287D272800164E6C /* PBXTargetDependency */,
			);
			name = Landmarks;
			productName = Landmarks;
			productReference = C95ACE9F28610D5A002CD608 /* Landmarks.app */;
			productType = "com.apple.product-type.application";
		};
		C95ACEAE28610D5B002CD608 /* LandmarksTests */ = {
			isa = PBXNativeTarget;
			buildConfigurationList = C95ACEC628610D5B002CD608 /* Build configuration list for PBXNativeTarget "LandmarksTests" */;
			buildPhases = (
				C95ACEAB28610D5B002CD608 /* Sources */,
				C95ACEAC28610D5B002CD608 /* Frameworks */,
				C95ACEAD28610D5B002CD608 /* Resources */,
			);
			buildRules = (
			);
			dependencies = (
				C95ACEB128610D5B002CD608 /* PBXTargetDependency */,
			);
			name = LandmarksTests;
			productName = LandmarksTests;
			productReference = C95ACEAF28610D5B002CD608 /* LandmarksTests.xctest */;
			productType = "com.apple.product-type.bundle.unit-test";
		};
		C95ACEB828610D5B002CD608 /* LandmarksUITests */ = {
			isa = PBXNativeTarget;
			buildConfigurationList = C95ACEC928610D5B002CD608 /* Build configuration list for PBXNativeTarget "LandmarksUITests" */;
			buildPhases = (
				C95ACEB528610D5B002CD608 /* Sources */,
				C95ACEB628610D5B002CD608 /* Frameworks */,
				C95ACEB728610D5B002CD608 /* Resources */,
			);
			buildRules = (
			);
			dependencies = (
				C95ACEBB28610D5B002CD608 /* PBXTargetDependency */,
			);
			name = LandmarksUITests;
			productName = LandmarksUITests;
			productReference = C95ACEB928610D5B002CD608 /* LandmarksUITests.xctest */;
			productType = "com.apple.product-type.bundle.ui-testing";
		};
/* End PBXNativeTarget section */

/* Begin PBXProject section */
		C95ACE9728610D5A002CD608 /* Project object */ = {
			isa = PBXProject;
			attributes = {
				BuildIndependentTargetsInParallel = 1;
				LastSwiftUpdateCheck = 1340;
				LastUpgradeCheck = 1340;
				TargetAttributes = {
					C938D2E3287D272600164E6C = {
						CreatedOnToolsVersion = 13.4.1;
					};
					C938D2EB287D272700164E6C = {
						CreatedOnToolsVersion = 13.4.1;
					};
					C938D305287D272800164E6C = {
						CreatedOnToolsVersion = 13.4.1;
						TestTargetID = C938D2EB287D272700164E6C;
					};
					C938D30F287D272800164E6C = {
						CreatedOnToolsVersion = 13.4.1;
						TestTargetID = C938D2E3287D272600164E6C;
					};
					C9414205287F03EA00E393EB = {
						CreatedOnToolsVersion = 13.4.1;
					};
					C9414215287F03EB00E393EB = {
						CreatedOnToolsVersion = 13.4.1;
						TestTargetID = C9414205287F03EA00E393EB;
					};
					C941421F287F03EB00E393EB = {
						CreatedOnToolsVersion = 13.4.1;
						TestTargetID = C9414205287F03EA00E393EB;
					};
					C95ACE9E28610D5A002CD608 = {
						CreatedOnToolsVersion = 13.4.1;
					};
					C95ACEAE28610D5B002CD608 = {
						CreatedOnToolsVersion = 13.4.1;
						TestTargetID = C95ACE9E28610D5A002CD608;
					};
					C95ACEB828610D5B002CD608 = {
						CreatedOnToolsVersion = 13.4.1;
						TestTargetID = C95ACE9E28610D5A002CD608;
					};
				};
			};
			buildConfigurationList = C95ACE9A28610D5A002CD608 /* Build configuration list for PBXProject "Landmarks" */;
			compatibilityVersion = "Xcode 13.0";
			developmentRegion = en;
			hasScannedForEncodings = 0;
			knownRegions = (
				en,
				Base,
			);
			mainGroup = C95ACE9628610D5A002CD608;
			productRefGroup = C95ACEA028610D5A002CD608 /* Products */;
			projectDirPath = "";
			projectRoot = "";
			targets = (
				C95ACE9E28610D5A002CD608 /* Landmarks */,
				C95ACEAE28610D5B002CD608 /* LandmarksTests */,
				C95ACEB828610D5B002CD608 /* LandmarksUITests */,
				C938D2E3287D272600164E6C /* WatchLandmarks */,
				C938D2EB287D272700164E6C /* WatchLandmarks WatchKit Extension */,
				C938D305287D272800164E6C /* WatchLandmarksTests */,
				C938D30F287D272800164E6C /* WatchLandmarksUITests */,
				C9414205287F03EA00E393EB /* MacLandmarks */,
				C9414215287F03EB00E393EB /* MacLandmarksTests */,
				C941421F287F03EB00E393EB /* MacLandmarksUITests */,
			);
		};
/* End PBXProject section */

/* Begin PBXResourcesBuildPhase section */
		C938D2E2287D272600164E6C /* Resources */ = {
			isa = PBXResourcesBuildPhase;
			buildActionMask = 2147483647;
			files = (
				C938D2E7287D272700164E6C /* Assets.xcassets in Resources */,
			);
			runOnlyForDeploymentPostprocessing = 0;
		};
		C938D2EA287D272700164E6C /* Resources */ = {
			isa = PBXResourcesBuildPhase;
			buildActionMask = 2147483647;
			files = (
				C938D2FF287D272800164E6C /* Preview Assets.xcassets in Resources */,
				C9125931287E4C920038EF39 /* landmarkData.json in Resources */,
				C9125930287E4C920038EF39 /* Assets.xcassets in Resources */,
				C938D2FC287D272800164E6C /* Assets.xcassets in Resources */,
				C9125932287E4C920038EF39 /* hikeData.json in Resources */,
			);
			runOnlyForDeploymentPostprocessing = 0;
		};
		C938D304287D272800164E6C /* Resources */ = {
			isa = PBXResourcesBuildPhase;
			buildActionMask = 2147483647;
			files = (
			);
			runOnlyForDeploymentPostprocessing = 0;
		};
		C938D30E287D272800164E6C /* Resources */ = {
			isa = PBXResourcesBuildPhase;
			buildActionMask = 2147483647;
			files = (
			);
			runOnlyForDeploymentPostprocessing = 0;
		};
		C9414204287F03EA00E393EB /* Resources */ = {
			isa = PBXResourcesBuildPhase;
			buildActionMask = 2147483647;
			files = (
				C9DBEF42287F379800C02419 /* hikeData.json in Resources */,
				C9414210287F03EB00E393EB /* Preview Assets.xcassets in Resources */,
				C941420D287F03EB00E393EB /* Assets.xcassets in Resources */,
				C9DBEF40287F379800C02419 /* landmarkData.json in Resources */,
				C9DBEF46287F379800C02419 /* Assets.xcassets in Resources */,
			);
			runOnlyForDeploymentPostprocessing = 0;
		};
		C9414214287F03EB00E393EB /* Resources */ = {
			isa = PBXResourcesBuildPhase;
			buildActionMask = 2147483647;
			files = (
			);
			runOnlyForDeploymentPostprocessing = 0;
		};
		C941421E287F03EB00E393EB /* Resources */ = {
			isa = PBXResourcesBuildPhase;
			buildActionMask = 2147483647;
			files = (
			);
			runOnlyForDeploymentPostprocessing = 0;
		};
		C95ACE9D28610D5A002CD608 /* Resources */ = {
			isa = PBXResourcesBuildPhase;
			buildActionMask = 2147483647;
			files = (
				C967FB3F2877780D00D1B439 /* hikeData.json in Resources */,
				C95ACEAA28610D5B002CD608 /* Preview Assets.xcassets in Resources */,
				C95ACEA728610D5B002CD608 /* Assets.xcassets in Resources */,
				C967FB5028777D4B00D1B439 /* LICENSE.txt in Resources */,
				C9C93CE3287294C800AF55D6 /* landmarkData.json in Resources */,
			);
			runOnlyForDeploymentPostprocessing = 0;
		};
		C95ACEAD28610D5B002CD608 /* Resources */ = {
			isa = PBXResourcesBuildPhase;
			buildActionMask = 2147483647;
			files = (
			);
			runOnlyForDeploymentPostprocessing = 0;
		};
		C95ACEB728610D5B002CD608 /* Resources */ = {
			isa = PBXResourcesBuildPhase;
			buildActionMask = 2147483647;
			files = (
			);
			runOnlyForDeploymentPostprocessing = 0;
		};
/* End PBXResourcesBuildPhase section */

/* Begin PBXSourcesBuildPhase section */
		C938D2E8287D272700164E6C /* Sources */ = {
			isa = PBXSourcesBuildPhase;
			buildActionMask = 2147483647;
			files = (
				C9125935287E4C920038EF39 /* Landmark.swift in Sources */,
				C9125936287E4C920038EF39 /* Profile.swift in Sources */,
				C9125934287E4C920038EF39 /* Hike.swift in Sources */,
				C912593B287E4C920038EF39 /* CircleImage.swift in Sources */,
				C9DF0E472880EF1800C89156 /* LandmarkList.swift in Sources */,
				C938D2F6287D272700164E6C /* NotificationController.swift in Sources */,
				C938D2F4287D272700164E6C /* ContentView.swift in Sources */,
				C912593F287E4EEF0038EF39 /* LandmarkDetail.swift in Sources */,
				C938D2FA287D272700164E6C /* ComplicationController.swift in Sources */,
				C938D2F8287D272700164E6C /* NotificationView.swift in Sources */,
				C912593A287E4C920038EF39 /* LandmarksApp.swift in Sources */,
				C9125939287E4C920038EF39 /* ModelData.swift in Sources */,
				C9125937287E4C920038EF39 /* MapView.swift in Sources */,
				C9125938287E4C920038EF39 /* LandmarkRow.swift in Sources */,
			);
			runOnlyForDeploymentPostprocessing = 0;
		};
		C938D302287D272800164E6C /* Sources */ = {
			isa = PBXSourcesBuildPhase;
			buildActionMask = 2147483647;
			files = (
				C938D30B287D272800164E6C /* WatchLandmarksTests.swift in Sources */,
			);
			runOnlyForDeploymentPostprocessing = 0;
		};
		C938D30C287D272800164E6C /* Sources */ = {
			isa = PBXSourcesBuildPhase;
			buildActionMask = 2147483647;
			files = (
				C938D317287D272800164E6C /* WatchLandmarksUITestsLaunchTests.swift in Sources */,
				C938D315287D272800164E6C /* WatchLandmarksUITests.swift in Sources */,
			);
			runOnlyForDeploymentPostprocessing = 0;
		};
		C9414202287F03EA00E393EB /* Sources */ = {
			isa = PBXSourcesBuildPhase;
			buildActionMask = 2147483647;
			files = (
				C9DBEF3E287F379800C02419 /* Hike.swift in Sources */,
				C9DBEF4A287F379800C02419 /* Landmark.swift in Sources */,
				C9DBEF47287F379800C02419 /* Profile.swift in Sources */,
				C9DBEF41287F379800C02419 /* MapView.swift in Sources */,
				C9DF0E4A2880F75100C89156 /* LandmarkCommands.swift in Sources */,
				C9DBEF4C287F385100C02419 /* LandmarkDetail.swift in Sources */,
				C9DBEF49287F379800C02419 /* LandmarksApp.swift in Sources */,
				C941420B287F03EA00E393EB /* ContentView.swift in Sources */,
				C9DBEF48287F379800C02419 /* LandmarkList.swift in Sources */,
				C9DBEF3F287F379800C02419 /* LandmarkRow.swift in Sources */,
				C9DBEF45287F379800C02419 /* FavoriteButton.swift in Sources */,
				C9DBEF43287F379800C02419 /* CircleImage.swift in Sources */,
				C9DBEF44287F379800C02419 /* ModelData.swift in Sources */,
			);
			runOnlyForDeploymentPostprocessing = 0;
		};
		C9414212287F03EB00E393EB /* Sources */ = {
			isa = PBXSourcesBuildPhase;
			buildActionMask = 2147483647;
			files = (
				C941421B287F03EB00E393EB /* MacLandmarksTests.swift in Sources */,
			);
			runOnlyForDeploymentPostprocessing = 0;
		};
		C941421C287F03EB00E393EB /* Sources */ = {
			isa = PBXSourcesBuildPhase;
			buildActionMask = 2147483647;
			files = (
				C9414227287F03EB00E393EB /* MacLandmarksUITestsLaunchTests.swift in Sources */,
				C9414225287F03EB00E393EB /* MacLandmarksUITests.swift in Sources */,
			);
			runOnlyForDeploymentPostprocessing = 0;
		};
		C95ACE9B28610D5A002CD608 /* Sources */ = {
			isa = PBXSourcesBuildPhase;
			buildActionMask = 2147483647;
			files = (
				C967FB41287779C800D1B439 /* Hike.swift in Sources */,
				C95ACEA528610D5A002CD608 /* ContentView.swift in Sources */,
				C938D2DD287D218400164E6C /* FeatureCard.swift in Sources */,
				C960786128726E0A00A0649C /* MapView.swift in Sources */,
				C9F45577287BC3530072DBA3 /* ProfileHost.swift in Sources */,
				C9F45574287BC1E80072DBA3 /* Profile.swift in Sources */,
				C95ACEA328610D5A002CD608 /* LandmarksApp.swift in Sources */,
				C9F45570287B38010072DBA3 /* CategoryRow.swift in Sources */,
				C9D2F8C128794DAD0077A1C5 /* CategoryHome.swift in Sources */,
				C967FB4E28777BC900D1B439 /* HikeView.swift in Sources */,
				C95A784A28765D0D007CB905 /* FavoriteButton.swift in Sources */,
				C9A4D68928768E9500D4906C /* HexagonParameters.swift in Sources */,
				C967FB3A28775BCE00D1B439 /* BadgeSymbol.swift in Sources */,
				C9DF0E492880F75100C89156 /* LandmarkCommands.swift in Sources */,
				C9BADF4C2873BDD0006E1FB8 /* LandmarkList.swift in Sources */,
				C967FB3C2877746D00D1B439 /* Badge.swift in Sources */,
				C94BF12E287509B900493B08 /* LandmarkDetail.swift in Sources */,
				C938D2DB287D1FBF00164E6C /* PageViewController.swift in Sources */,
				C967FB38287756D600D1B439 /* BadgeBackground.swift in Sources */,
				C934EC83287D057C00C99B41 /* HikeBadge.swift in Sources */,
				C967FB4D28777BC900D1B439 /* HikeDetail.swift in Sources */,
				C960785F28726D5500A0649C /* CircleImage.swift in Sources */,
				C967FB4B28777BC900D1B439 /* GraphCapsule.swift in Sources */,
				C9C93CE62872951000AF55D6 /* Landmark.swift in Sources */,
				C9C93CEB2872978200AF55D6 /* LandmarkRow.swift in Sources */,
				C9C93CE8287296AB00AF55D6 /* ModelData.swift in Sources */,
				C938D2DF287D223900164E6C /* PageView.swift in Sources */,
				C934EC81287CFBDB00C99B41 /* ProfileSummary.swift in Sources */,
				C938D2E1287D24F500164E6C /* PageControl.swift in Sources */,
				C9F45572287B3C1E0072DBA3 /* CategoryItem.swift in Sources */,
				C967FB4C28777BC900D1B439 /* HikeGraph.swift in Sources */,
				C934EC85287D0E6B00C99B41 /* ProfileEditor.swift in Sources */,
			);
			runOnlyForDeploymentPostprocessing = 0;
		};
		C95ACEAB28610D5B002CD608 /* Sources */ = {
			isa = PBXSourcesBuildPhase;
			buildActionMask = 2147483647;
			files = (
				C95ACEB428610D5B002CD608 /* LandmarksTests.swift in Sources */,
			);
			runOnlyForDeploymentPostprocessing = 0;
		};
		C95ACEB528610D5B002CD608 /* Sources */ = {
			isa = PBXSourcesBuildPhase;
			buildActionMask = 2147483647;
			files = (
				C95ACEC028610D5B002CD608 /* LandmarksUITestsLaunchTests.swift in Sources */,
				C95ACEBE28610D5B002CD608 /* LandmarksUITests.swift in Sources */,
			);
			runOnlyForDeploymentPostprocessing = 0;
		};
/* End PBXSourcesBuildPhase section */

/* Begin PBXTargetDependency section */
		C938D2EF287D272700164E6C /* PBXTargetDependency */ = {
			isa = PBXTargetDependency;
			target = C938D2EB287D272700164E6C /* WatchLandmarks WatchKit Extension */;
			targetProxy = C938D2EE287D272700164E6C /* PBXContainerItemProxy */;
		};
		C938D308287D272800164E6C /* PBXTargetDependency */ = {
			isa = PBXTargetDependency;
			target = C938D2EB287D272700164E6C /* WatchLandmarks WatchKit Extension */;
			targetProxy = C938D307287D272800164E6C /* PBXContainerItemProxy */;
		};
		C938D312287D272800164E6C /* PBXTargetDependency */ = {
			isa = PBXTargetDependency;
			target = C938D2E3287D272600164E6C /* WatchLandmarks */;
			targetProxy = C938D311287D272800164E6C /* PBXContainerItemProxy */;
		};
		C938D319287D272800164E6C /* PBXTargetDependency */ = {
			isa = PBXTargetDependency;
			target = C938D2E3287D272600164E6C /* WatchLandmarks */;
			targetProxy = C938D318287D272800164E6C /* PBXContainerItemProxy */;
		};
		C9414218287F03EB00E393EB /* PBXTargetDependency */ = {
			isa = PBXTargetDependency;
			target = C9414205287F03EA00E393EB /* MacLandmarks */;
			targetProxy = C9414217287F03EB00E393EB /* PBXContainerItemProxy */;
		};
		C9414222287F03EB00E393EB /* PBXTargetDependency */ = {
			isa = PBXTargetDependency;
			target = C9414205287F03EA00E393EB /* MacLandmarks */;
			targetProxy = C9414221287F03EB00E393EB /* PBXContainerItemProxy */;
		};
		C95ACEB128610D5B002CD608 /* PBXTargetDependency */ = {
			isa = PBXTargetDependency;
			target = C95ACE9E28610D5A002CD608 /* Landmarks */;
			targetProxy = C95ACEB028610D5B002CD608 /* PBXContainerItemProxy */;
		};
		C95ACEBB28610D5B002CD608 /* PBXTargetDependency */ = {
			isa = PBXTargetDependency;
			target = C95ACE9E28610D5A002CD608 /* Landmarks */;
			targetProxy = C95ACEBA28610D5B002CD608 /* PBXContainerItemProxy */;
		};
/* End PBXTargetDependency section */

/* Begin XCBuildConfiguration section */
		C938D31C287D272800164E6C /* Debug */ = {
			isa = XCBuildConfiguration;
			buildSettings = {
				ASSETCATALOG_COMPILER_COMPLICATION_NAME = Complication;
				CODE_SIGN_STYLE = Automatic;
				CURRENT_PROJECT_VERSION = 1;
				DEVELOPMENT_ASSET_PATHS = "\"WatchLandmarks WatchKit Extension/Preview Content\"";
				DEVELOPMENT_TEAM = TK2D96DLGZ;
				ENABLE_PREVIEWS = YES;
				GENERATE_INFOPLIST_FILE = YES;
				INFOPLIST_FILE = "WatchLandmarks WatchKit Extension/Info.plist";
				INFOPLIST_KEY_CFBundleDisplayName = "WatchLandmarks WatchKit Extension";
				INFOPLIST_KEY_CLKComplicationPrincipalClass = "$(PRODUCT_MODULE_NAME).ComplicationController";
				INFOPLIST_KEY_NSHumanReadableCopyright = "";
				LD_RUNPATH_SEARCH_PATHS = (
					"$(inherited)",
					"@executable_path/Frameworks",
					"@executable_path/../../Frameworks",
				);
				MARKETING_VERSION = 1.0;
				PRODUCT_BUNDLE_IDENTIFIER = com.jguo.Landmarks.watchkitapp.watchkitextension;
				PRODUCT_NAME = "${TARGET_NAME}";
				SDKROOT = watchos;
				SKIP_INSTALL = YES;
				SWIFT_EMIT_LOC_STRINGS = YES;
				SWIFT_VERSION = 5.0;
				TARGETED_DEVICE_FAMILY = 4;
				WATCHOS_DEPLOYMENT_TARGET = 8.5;
			};
			name = Debug;
		};
		C938D31D287D272800164E6C /* Release */ = {
			isa = XCBuildConfiguration;
			buildSettings = {
				ASSETCATALOG_COMPILER_COMPLICATION_NAME = Complication;
				CODE_SIGN_STYLE = Automatic;
				CURRENT_PROJECT_VERSION = 1;
				DEVELOPMENT_ASSET_PATHS = "\"WatchLandmarks WatchKit Extension/Preview Content\"";
				DEVELOPMENT_TEAM = TK2D96DLGZ;
				ENABLE_PREVIEWS = YES;
				GENERATE_INFOPLIST_FILE = YES;
				INFOPLIST_FILE = "WatchLandmarks WatchKit Extension/Info.plist";
				INFOPLIST_KEY_CFBundleDisplayName = "WatchLandmarks WatchKit Extension";
				INFOPLIST_KEY_CLKComplicationPrincipalClass = "$(PRODUCT_MODULE_NAME).ComplicationController";
				INFOPLIST_KEY_NSHumanReadableCopyright = "";
				LD_RUNPATH_SEARCH_PATHS = (
					"$(inherited)",
					"@executable_path/Frameworks",
					"@executable_path/../../Frameworks",
				);
				MARKETING_VERSION = 1.0;
				PRODUCT_BUNDLE_IDENTIFIER = com.jguo.Landmarks.watchkitapp.watchkitextension;
				PRODUCT_NAME = "${TARGET_NAME}";
				SDKROOT = watchos;
				SKIP_INSTALL = YES;
				SWIFT_EMIT_LOC_STRINGS = YES;
				SWIFT_VERSION = 5.0;
				TARGETED_DEVICE_FAMILY = 4;
				WATCHOS_DEPLOYMENT_TARGET = 8.5;
			};
			name = Release;
		};
		C938D320287D272800164E6C /* Debug */ = {
			isa = XCBuildConfiguration;
			buildSettings = {
				ALWAYS_EMBED_SWIFT_STANDARD_LIBRARIES = YES;
				ASSETCATALOG_COMPILER_APPICON_NAME = AppIcon;
				ASSETCATALOG_COMPILER_GLOBAL_ACCENT_COLOR_NAME = AccentColor;
				CODE_SIGN_STYLE = Automatic;
				CURRENT_PROJECT_VERSION = 1;
				DEVELOPMENT_TEAM = TK2D96DLGZ;
				GENERATE_INFOPLIST_FILE = YES;
				IBSC_MODULE = WatchLandmarks_WatchKit_Extension;
				INFOPLIST_KEY_CFBundleDisplayName = WatchLandmarks;
				INFOPLIST_KEY_UISupportedInterfaceOrientations = "UIInterfaceOrientationPortrait UIInterfaceOrientationPortraitUpsideDown";
				INFOPLIST_KEY_WKCompanionAppBundleIdentifier = com.jguo.Landmarks;
				MARKETING_VERSION = 1.0;
				PRODUCT_BUNDLE_IDENTIFIER = com.jguo.Landmarks.watchkitapp;
				PRODUCT_NAME = "$(TARGET_NAME)";
				SDKROOT = watchos;
				SKIP_INSTALL = YES;
				SWIFT_EMIT_LOC_STRINGS = YES;
				SWIFT_VERSION = 5.0;
				TARGETED_DEVICE_FAMILY = 4;
				WATCHOS_DEPLOYMENT_TARGET = 8.5;
			};
			name = Debug;
		};
		C938D321287D272800164E6C /* Release */ = {
			isa = XCBuildConfiguration;
			buildSettings = {
				ALWAYS_EMBED_SWIFT_STANDARD_LIBRARIES = YES;
				ASSETCATALOG_COMPILER_APPICON_NAME = AppIcon;
				ASSETCATALOG_COMPILER_GLOBAL_ACCENT_COLOR_NAME = AccentColor;
				CODE_SIGN_STYLE = Automatic;
				CURRENT_PROJECT_VERSION = 1;
				DEVELOPMENT_TEAM = TK2D96DLGZ;
				GENERATE_INFOPLIST_FILE = YES;
				IBSC_MODULE = WatchLandmarks_WatchKit_Extension;
				INFOPLIST_KEY_CFBundleDisplayName = WatchLandmarks;
				INFOPLIST_KEY_UISupportedInterfaceOrientations = "UIInterfaceOrientationPortrait UIInterfaceOrientationPortraitUpsideDown";
				INFOPLIST_KEY_WKCompanionAppBundleIdentifier = com.jguo.Landmarks;
				MARKETING_VERSION = 1.0;
				PRODUCT_BUNDLE_IDENTIFIER = com.jguo.Landmarks.watchkitapp;
				PRODUCT_NAME = "$(TARGET_NAME)";
				SDKROOT = watchos;
				SKIP_INSTALL = YES;
				SWIFT_EMIT_LOC_STRINGS = YES;
				SWIFT_VERSION = 5.0;
				TARGETED_DEVICE_FAMILY = 4;
				WATCHOS_DEPLOYMENT_TARGET = 8.5;
			};
			name = Release;
		};
		C938D324287D272800164E6C /* Debug */ = {
			isa = XCBuildConfiguration;
			buildSettings = {
				ALWAYS_EMBED_SWIFT_STANDARD_LIBRARIES = YES;
				BUNDLE_LOADER = "$(TEST_HOST)";
				CODE_SIGN_STYLE = Automatic;
				CURRENT_PROJECT_VERSION = 1;
				DEVELOPMENT_TEAM = TK2D96DLGZ;
				GENERATE_INFOPLIST_FILE = YES;
				MARKETING_VERSION = 1.0;
				PRODUCT_BUNDLE_IDENTIFIER = com.jguo.Landmarks.WatchLandmarksTests;
				PRODUCT_NAME = "$(TARGET_NAME)";
				SDKROOT = watchos;
				SWIFT_EMIT_LOC_STRINGS = NO;
				SWIFT_VERSION = 5.0;
				TARGETED_DEVICE_FAMILY = 4;
				TEST_HOST = "$(BUILT_PRODUCTS_DIR)/WatchLandmarks WatchKit Extension.appex/WatchLandmarks WatchKit Extension";
				WATCHOS_DEPLOYMENT_TARGET = 8.5;
			};
			name = Debug;
		};
		C938D325287D272800164E6C /* Release */ = {
			isa = XCBuildConfiguration;
			buildSettings = {
				ALWAYS_EMBED_SWIFT_STANDARD_LIBRARIES = YES;
				BUNDLE_LOADER = "$(TEST_HOST)";
				CODE_SIGN_STYLE = Automatic;
				CURRENT_PROJECT_VERSION = 1;
				DEVELOPMENT_TEAM = TK2D96DLGZ;
				GENERATE_INFOPLIST_FILE = YES;
				MARKETING_VERSION = 1.0;
				PRODUCT_BUNDLE_IDENTIFIER = com.jguo.Landmarks.WatchLandmarksTests;
				PRODUCT_NAME = "$(TARGET_NAME)";
				SDKROOT = watchos;
				SWIFT_EMIT_LOC_STRINGS = NO;
				SWIFT_VERSION = 5.0;
				TARGETED_DEVICE_FAMILY = 4;
				TEST_HOST = "$(BUILT_PRODUCTS_DIR)/WatchLandmarks WatchKit Extension.appex/WatchLandmarks WatchKit Extension";
				WATCHOS_DEPLOYMENT_TARGET = 8.5;
			};
			name = Release;
		};
		C938D327287D272800164E6C /* Debug */ = {
			isa = XCBuildConfiguration;
			buildSettings = {
				CODE_SIGN_STYLE = Automatic;
				CURRENT_PROJECT_VERSION = 1;
				DEVELOPMENT_TEAM = TK2D96DLGZ;
				GENERATE_INFOPLIST_FILE = YES;
				MARKETING_VERSION = 1.0;
				PRODUCT_BUNDLE_IDENTIFIER = com.jguo.Landmarks.WatchLandmarksUITests;
				PRODUCT_NAME = "$(TARGET_NAME)";
				SDKROOT = watchos;
				SWIFT_EMIT_LOC_STRINGS = NO;
				SWIFT_VERSION = 5.0;
				TARGETED_DEVICE_FAMILY = 4;
				TEST_TARGET_NAME = WatchLandmarks;
				WATCHOS_DEPLOYMENT_TARGET = 8.5;
			};
			name = Debug;
		};
		C938D328287D272800164E6C /* Release */ = {
			isa = XCBuildConfiguration;
			buildSettings = {
				CODE_SIGN_STYLE = Automatic;
				CURRENT_PROJECT_VERSION = 1;
				DEVELOPMENT_TEAM = TK2D96DLGZ;
				GENERATE_INFOPLIST_FILE = YES;
				MARKETING_VERSION = 1.0;
				PRODUCT_BUNDLE_IDENTIFIER = com.jguo.Landmarks.WatchLandmarksUITests;
				PRODUCT_NAME = "$(TARGET_NAME)";
				SDKROOT = watchos;
				SWIFT_EMIT_LOC_STRINGS = NO;
				SWIFT_VERSION = 5.0;
				TARGETED_DEVICE_FAMILY = 4;
				TEST_TARGET_NAME = WatchLandmarks;
				WATCHOS_DEPLOYMENT_TARGET = 8.5;
			};
			name = Release;
		};
		C9414228287F03EB00E393EB /* Debug */ = {
			isa = XCBuildConfiguration;
			buildSettings = {
				ASSETCATALOG_COMPILER_APPICON_NAME = AppIcon;
				ASSETCATALOG_COMPILER_GLOBAL_ACCENT_COLOR_NAME = AccentColor;
				CODE_SIGN_ENTITLEMENTS = MacLandmarks/MacLandmarks.entitlements;
				CODE_SIGN_STYLE = Automatic;
				COMBINE_HIDPI_IMAGES = YES;
				CURRENT_PROJECT_VERSION = 1;
				DEVELOPMENT_ASSET_PATHS = "\"MacLandmarks/Preview Content\"";
				DEVELOPMENT_TEAM = TK2D96DLGZ;
				ENABLE_HARDENED_RUNTIME = YES;
				ENABLE_PREVIEWS = YES;
				GENERATE_INFOPLIST_FILE = YES;
				INFOPLIST_KEY_NSHumanReadableCopyright = "";
				LD_RUNPATH_SEARCH_PATHS = (
					"$(inherited)",
					"@executable_path/../Frameworks",
				);
				MACOSX_DEPLOYMENT_TARGET = 12.3;
				MARKETING_VERSION = 1.0;
				PRODUCT_BUNDLE_IDENTIFIER = com.jguo.MacLandmarks;
				PRODUCT_NAME = "$(TARGET_NAME)";
				SDKROOT = macosx;
				SWIFT_EMIT_LOC_STRINGS = YES;
				SWIFT_VERSION = 5.0;
			};
			name = Debug;
		};
		C9414229287F03EB00E393EB /* Release */ = {
			isa = XCBuildConfiguration;
			buildSettings = {
				ASSETCATALOG_COMPILER_APPICON_NAME = AppIcon;
				ASSETCATALOG_COMPILER_GLOBAL_ACCENT_COLOR_NAME = AccentColor;
				CODE_SIGN_ENTITLEMENTS = MacLandmarks/MacLandmarks.entitlements;
				CODE_SIGN_STYLE = Automatic;
				COMBINE_HIDPI_IMAGES = YES;
				CURRENT_PROJECT_VERSION = 1;
				DEVELOPMENT_ASSET_PATHS = "\"MacLandmarks/Preview Content\"";
				DEVELOPMENT_TEAM = TK2D96DLGZ;
				ENABLE_HARDENED_RUNTIME = YES;
				ENABLE_PREVIEWS = YES;
				GENERATE_INFOPLIST_FILE = YES;
				INFOPLIST_KEY_NSHumanReadableCopyright = "";
				LD_RUNPATH_SEARCH_PATHS = (
					"$(inherited)",
					"@executable_path/../Frameworks",
				);
				MACOSX_DEPLOYMENT_TARGET = 12.3;
				MARKETING_VERSION = 1.0;
				PRODUCT_BUNDLE_IDENTIFIER = com.jguo.MacLandmarks;
				PRODUCT_NAME = "$(TARGET_NAME)";
				SDKROOT = macosx;
				SWIFT_EMIT_LOC_STRINGS = YES;
				SWIFT_VERSION = 5.0;
			};
			name = Release;
		};
		C941422A287F03EB00E393EB /* Debug */ = {
			isa = XCBuildConfiguration;
			buildSettings = {
				ALWAYS_EMBED_SWIFT_STANDARD_LIBRARIES = YES;
				BUNDLE_LOADER = "$(TEST_HOST)";
				CODE_SIGN_STYLE = Automatic;
				CURRENT_PROJECT_VERSION = 1;
				DEVELOPMENT_TEAM = TK2D96DLGZ;
				GENERATE_INFOPLIST_FILE = YES;
				MACOSX_DEPLOYMENT_TARGET = 12.3;
				MARKETING_VERSION = 1.0;
				PRODUCT_BUNDLE_IDENTIFIER = com.jguo.MacLandmarksTests;
				PRODUCT_NAME = "$(TARGET_NAME)";
				SDKROOT = macosx;
				SWIFT_EMIT_LOC_STRINGS = NO;
				SWIFT_VERSION = 5.0;
				TEST_HOST = "$(BUILT_PRODUCTS_DIR)/MacLandmarks.app/Contents/MacOS/MacLandmarks";
			};
			name = Debug;
		};
		C941422B287F03EB00E393EB /* Release */ = {
			isa = XCBuildConfiguration;
			buildSettings = {
				ALWAYS_EMBED_SWIFT_STANDARD_LIBRARIES = YES;
				BUNDLE_LOADER = "$(TEST_HOST)";
				CODE_SIGN_STYLE = Automatic;
				CURRENT_PROJECT_VERSION = 1;
				DEVELOPMENT_TEAM = TK2D96DLGZ;
				GENERATE_INFOPLIST_FILE = YES;
				MACOSX_DEPLOYMENT_TARGET = 12.3;
				MARKETING_VERSION = 1.0;
				PRODUCT_BUNDLE_IDENTIFIER = com.jguo.MacLandmarksTests;
				PRODUCT_NAME = "$(TARGET_NAME)";
				SDKROOT = macosx;
				SWIFT_EMIT_LOC_STRINGS = NO;
				SWIFT_VERSION = 5.0;
				TEST_HOST = "$(BUILT_PRODUCTS_DIR)/MacLandmarks.app/Contents/MacOS/MacLandmarks";
			};
			name = Release;
		};
		C941422C287F03EB00E393EB /* Debug */ = {
			isa = XCBuildConfiguration;
			buildSettings = {
				ALWAYS_EMBED_SWIFT_STANDARD_LIBRARIES = YES;
				CODE_SIGN_STYLE = Automatic;
				CURRENT_PROJECT_VERSION = 1;
				DEVELOPMENT_TEAM = TK2D96DLGZ;
				GENERATE_INFOPLIST_FILE = YES;
				MACOSX_DEPLOYMENT_TARGET = 12.3;
				MARKETING_VERSION = 1.0;
				PRODUCT_BUNDLE_IDENTIFIER = com.jguo.MacLandmarksUITests;
				PRODUCT_NAME = "$(TARGET_NAME)";
				SDKROOT = macosx;
				SWIFT_EMIT_LOC_STRINGS = NO;
				SWIFT_VERSION = 5.0;
				TEST_TARGET_NAME = MacLandmarks;
			};
			name = Debug;
		};
		C941422D287F03EB00E393EB /* Release */ = {
			isa = XCBuildConfiguration;
			buildSettings = {
				ALWAYS_EMBED_SWIFT_STANDARD_LIBRARIES = YES;
				CODE_SIGN_STYLE = Automatic;
				CURRENT_PROJECT_VERSION = 1;
				DEVELOPMENT_TEAM = TK2D96DLGZ;
				GENERATE_INFOPLIST_FILE = YES;
				MACOSX_DEPLOYMENT_TARGET = 12.3;
				MARKETING_VERSION = 1.0;
				PRODUCT_BUNDLE_IDENTIFIER = com.jguo.MacLandmarksUITests;
				PRODUCT_NAME = "$(TARGET_NAME)";
				SDKROOT = macosx;
				SWIFT_EMIT_LOC_STRINGS = NO;
				SWIFT_VERSION = 5.0;
				TEST_TARGET_NAME = MacLandmarks;
			};
			name = Release;
		};
		C95ACEC128610D5B002CD608 /* Debug */ = {
			isa = XCBuildConfiguration;
			buildSettings = {
				ALWAYS_SEARCH_USER_PATHS = NO;
				CLANG_ANALYZER_NONNULL = YES;
				CLANG_ANALYZER_NUMBER_OBJECT_CONVERSION = YES_AGGRESSIVE;
				CLANG_CXX_LANGUAGE_STANDARD = "gnu++17";
				CLANG_ENABLE_MODULES = YES;
				CLANG_ENABLE_OBJC_ARC = YES;
				CLANG_ENABLE_OBJC_WEAK = YES;
				CLANG_WARN_BLOCK_CAPTURE_AUTORELEASING = YES;
				CLANG_WARN_BOOL_CONVERSION = YES;
				CLANG_WARN_COMMA = YES;
				CLANG_WARN_CONSTANT_CONVERSION = YES;
				CLANG_WARN_DEPRECATED_OBJC_IMPLEMENTATIONS = YES;
				CLANG_WARN_DIRECT_OBJC_ISA_USAGE = YES_ERROR;
				CLANG_WARN_DOCUMENTATION_COMMENTS = YES;
				CLANG_WARN_EMPTY_BODY = YES;
				CLANG_WARN_ENUM_CONVERSION = YES;
				CLANG_WARN_INFINITE_RECURSION = YES;
				CLANG_WARN_INT_CONVERSION = YES;
				CLANG_WARN_NON_LITERAL_NULL_CONVERSION = YES;
				CLANG_WARN_OBJC_IMPLICIT_RETAIN_SELF = YES;
				CLANG_WARN_OBJC_LITERAL_CONVERSION = YES;
				CLANG_WARN_OBJC_ROOT_CLASS = YES_ERROR;
				CLANG_WARN_QUOTED_INCLUDE_IN_FRAMEWORK_HEADER = YES;
				CLANG_WARN_RANGE_LOOP_ANALYSIS = YES;
				CLANG_WARN_STRICT_PROTOTYPES = YES;
				CLANG_WARN_SUSPICIOUS_MOVE = YES;
				CLANG_WARN_UNGUARDED_AVAILABILITY = YES_AGGRESSIVE;
				CLANG_WARN_UNREACHABLE_CODE = YES;
				CLANG_WARN__DUPLICATE_METHOD_MATCH = YES;
				COPY_PHASE_STRIP = NO;
				DEBUG_INFORMATION_FORMAT = dwarf;
				ENABLE_STRICT_OBJC_MSGSEND = YES;
				ENABLE_TESTABILITY = YES;
				GCC_C_LANGUAGE_STANDARD = gnu11;
				GCC_DYNAMIC_NO_PIC = NO;
				GCC_NO_COMMON_BLOCKS = YES;
				GCC_OPTIMIZATION_LEVEL = 0;
				GCC_PREPROCESSOR_DEFINITIONS = (
					"DEBUG=1",
					"$(inherited)",
				);
				GCC_WARN_64_TO_32_BIT_CONVERSION = YES;
				GCC_WARN_ABOUT_RETURN_TYPE = YES_ERROR;
				GCC_WARN_UNDECLARED_SELECTOR = YES;
				GCC_WARN_UNINITIALIZED_AUTOS = YES_AGGRESSIVE;
				GCC_WARN_UNUSED_FUNCTION = YES;
				GCC_WARN_UNUSED_VARIABLE = YES;
				IPHONEOS_DEPLOYMENT_TARGET = 15.5;
				MTL_ENABLE_DEBUG_INFO = INCLUDE_SOURCE;
				MTL_FAST_MATH = YES;
				ONLY_ACTIVE_ARCH = YES;
				SDKROOT = iphoneos;
				SWIFT_ACTIVE_COMPILATION_CONDITIONS = DEBUG;
				SWIFT_OPTIMIZATION_LEVEL = "-Onone";
			};
			name = Debug;
		};
		C95ACEC228610D5B002CD608 /* Release */ = {
			isa = XCBuildConfiguration;
			buildSettings = {
				ALWAYS_SEARCH_USER_PATHS = NO;
				CLANG_ANALYZER_NONNULL = YES;
				CLANG_ANALYZER_NUMBER_OBJECT_CONVERSION = YES_AGGRESSIVE;
				CLANG_CXX_LANGUAGE_STANDARD = "gnu++17";
				CLANG_ENABLE_MODULES = YES;
				CLANG_ENABLE_OBJC_ARC = YES;
				CLANG_ENABLE_OBJC_WEAK = YES;
				CLANG_WARN_BLOCK_CAPTURE_AUTORELEASING = YES;
				CLANG_WARN_BOOL_CONVERSION = YES;
				CLANG_WARN_COMMA = YES;
				CLANG_WARN_CONSTANT_CONVERSION = YES;
				CLANG_WARN_DEPRECATED_OBJC_IMPLEMENTATIONS = YES;
				CLANG_WARN_DIRECT_OBJC_ISA_USAGE = YES_ERROR;
				CLANG_WARN_DOCUMENTATION_COMMENTS = YES;
				CLANG_WARN_EMPTY_BODY = YES;
				CLANG_WARN_ENUM_CONVERSION = YES;
				CLANG_WARN_INFINITE_RECURSION = YES;
				CLANG_WARN_INT_CONVERSION = YES;
				CLANG_WARN_NON_LITERAL_NULL_CONVERSION = YES;
				CLANG_WARN_OBJC_IMPLICIT_RETAIN_SELF = YES;
				CLANG_WARN_OBJC_LITERAL_CONVERSION = YES;
				CLANG_WARN_OBJC_ROOT_CLASS = YES_ERROR;
				CLANG_WARN_QUOTED_INCLUDE_IN_FRAMEWORK_HEADER = YES;
				CLANG_WARN_RANGE_LOOP_ANALYSIS = YES;
				CLANG_WARN_STRICT_PROTOTYPES = YES;
				CLANG_WARN_SUSPICIOUS_MOVE = YES;
				CLANG_WARN_UNGUARDED_AVAILABILITY = YES_AGGRESSIVE;
				CLANG_WARN_UNREACHABLE_CODE = YES;
				CLANG_WARN__DUPLICATE_METHOD_MATCH = YES;
				COPY_PHASE_STRIP = NO;
				DEBUG_INFORMATION_FORMAT = "dwarf-with-dsym";
				ENABLE_NS_ASSERTIONS = NO;
				ENABLE_STRICT_OBJC_MSGSEND = YES;
				GCC_C_LANGUAGE_STANDARD = gnu11;
				GCC_NO_COMMON_BLOCKS = YES;
				GCC_WARN_64_TO_32_BIT_CONVERSION = YES;
				GCC_WARN_ABOUT_RETURN_TYPE = YES_ERROR;
				GCC_WARN_UNDECLARED_SELECTOR = YES;
				GCC_WARN_UNINITIALIZED_AUTOS = YES_AGGRESSIVE;
				GCC_WARN_UNUSED_FUNCTION = YES;
				GCC_WARN_UNUSED_VARIABLE = YES;
				IPHONEOS_DEPLOYMENT_TARGET = 15.5;
				MTL_ENABLE_DEBUG_INFO = NO;
				MTL_FAST_MATH = YES;
				SDKROOT = iphoneos;
				SWIFT_COMPILATION_MODE = wholemodule;
				SWIFT_OPTIMIZATION_LEVEL = "-O";
				VALIDATE_PRODUCT = YES;
			};
			name = Release;
		};
		C95ACEC428610D5B002CD608 /* Debug */ = {
			isa = XCBuildConfiguration;
			buildSettings = {
				ASSETCATALOG_COMPILER_APPICON_NAME = AppIcon;
				ASSETCATALOG_COMPILER_GLOBAL_ACCENT_COLOR_NAME = AccentColor;
				CODE_SIGN_STYLE = Automatic;
				CURRENT_PROJECT_VERSION = 1;
				DEVELOPMENT_ASSET_PATHS = "\"Landmarks/Preview Content\"";
				DEVELOPMENT_TEAM = TK2D96DLGZ;
				ENABLE_PREVIEWS = YES;
				GENERATE_INFOPLIST_FILE = YES;
				INFOPLIST_KEY_UIApplicationSceneManifest_Generation = YES;
				INFOPLIST_KEY_UIApplicationSupportsIndirectInputEvents = YES;
				INFOPLIST_KEY_UILaunchScreen_Generation = YES;
				INFOPLIST_KEY_UISupportedInterfaceOrientations_iPad = "UIInterfaceOrientationPortrait UIInterfaceOrientationPortraitUpsideDown UIInterfaceOrientationLandscapeLeft UIInterfaceOrientationLandscapeRight";
				INFOPLIST_KEY_UISupportedInterfaceOrientations_iPhone = "UIInterfaceOrientationPortrait UIInterfaceOrientationLandscapeLeft UIInterfaceOrientationLandscapeRight";
				LD_RUNPATH_SEARCH_PATHS = (
					"$(inherited)",
					"@executable_path/Frameworks",
				);
				MARKETING_VERSION = 1.0;
				PRODUCT_BUNDLE_IDENTIFIER = com.jguo.Landmarks;
				PRODUCT_NAME = "$(TARGET_NAME)";
				SWIFT_EMIT_LOC_STRINGS = YES;
				SWIFT_VERSION = 5.0;
				TARGETED_DEVICE_FAMILY = "1,2";
			};
			name = Debug;
		};
		C95ACEC528610D5B002CD608 /* Release */ = {
			isa = XCBuildConfiguration;
			buildSettings = {
				ASSETCATALOG_COMPILER_APPICON_NAME = AppIcon;
				ASSETCATALOG_COMPILER_GLOBAL_ACCENT_COLOR_NAME = AccentColor;
				CODE_SIGN_STYLE = Automatic;
				CURRENT_PROJECT_VERSION = 1;
				DEVELOPMENT_ASSET_PATHS = "\"Landmarks/Preview Content\"";
				DEVELOPMENT_TEAM = TK2D96DLGZ;
				ENABLE_PREVIEWS = YES;
				GENERATE_INFOPLIST_FILE = YES;
				INFOPLIST_KEY_UIApplicationSceneManifest_Generation = YES;
				INFOPLIST_KEY_UIApplicationSupportsIndirectInputEvents = YES;
				INFOPLIST_KEY_UILaunchScreen_Generation = YES;
				INFOPLIST_KEY_UISupportedInterfaceOrientations_iPad = "UIInterfaceOrientationPortrait UIInterfaceOrientationPortraitUpsideDown UIInterfaceOrientationLandscapeLeft UIInterfaceOrientationLandscapeRight";
				INFOPLIST_KEY_UISupportedInterfaceOrientations_iPhone = "UIInterfaceOrientationPortrait UIInterfaceOrientationLandscapeLeft UIInterfaceOrientationLandscapeRight";
				LD_RUNPATH_SEARCH_PATHS = (
					"$(inherited)",
					"@executable_path/Frameworks",
				);
				MARKETING_VERSION = 1.0;
				PRODUCT_BUNDLE_IDENTIFIER = com.jguo.Landmarks;
				PRODUCT_NAME = "$(TARGET_NAME)";
				SWIFT_EMIT_LOC_STRINGS = YES;
				SWIFT_VERSION = 5.0;
				TARGETED_DEVICE_FAMILY = "1,2";
			};
			name = Release;
		};
		C95ACEC728610D5B002CD608 /* Debug */ = {
			isa = XCBuildConfiguration;
			buildSettings = {
				ALWAYS_EMBED_SWIFT_STANDARD_LIBRARIES = YES;
				BUNDLE_LOADER = "$(TEST_HOST)";
				CODE_SIGN_STYLE = Automatic;
				CURRENT_PROJECT_VERSION = 1;
				DEVELOPMENT_TEAM = TK2D96DLGZ;
				GENERATE_INFOPLIST_FILE = YES;
				IPHONEOS_DEPLOYMENT_TARGET = 15.5;
				MARKETING_VERSION = 1.0;
				PRODUCT_BUNDLE_IDENTIFIER = com.jguo.LandmarksTests;
				PRODUCT_NAME = "$(TARGET_NAME)";
				SWIFT_EMIT_LOC_STRINGS = NO;
				SWIFT_VERSION = 5.0;
				TARGETED_DEVICE_FAMILY = "1,2";
				TEST_HOST = "$(BUILT_PRODUCTS_DIR)/Landmarks.app/Landmarks";
			};
			name = Debug;
		};
		C95ACEC828610D5B002CD608 /* Release */ = {
			isa = XCBuildConfiguration;
			buildSettings = {
				ALWAYS_EMBED_SWIFT_STANDARD_LIBRARIES = YES;
				BUNDLE_LOADER = "$(TEST_HOST)";
				CODE_SIGN_STYLE = Automatic;
				CURRENT_PROJECT_VERSION = 1;
				DEVELOPMENT_TEAM = TK2D96DLGZ;
				GENERATE_INFOPLIST_FILE = YES;
				IPHONEOS_DEPLOYMENT_TARGET = 15.5;
				MARKETING_VERSION = 1.0;
				PRODUCT_BUNDLE_IDENTIFIER = com.jguo.LandmarksTests;
				PRODUCT_NAME = "$(TARGET_NAME)";
				SWIFT_EMIT_LOC_STRINGS = NO;
				SWIFT_VERSION = 5.0;
				TARGETED_DEVICE_FAMILY = "1,2";
				TEST_HOST = "$(BUILT_PRODUCTS_DIR)/Landmarks.app/Landmarks";
			};
			name = Release;
		};
		C95ACECA28610D5B002CD608 /* Debug */ = {
			isa = XCBuildConfiguration;
			buildSettings = {
				ALWAYS_EMBED_SWIFT_STANDARD_LIBRARIES = YES;
				CODE_SIGN_STYLE = Automatic;
				CURRENT_PROJECT_VERSION = 1;
				DEVELOPMENT_TEAM = TK2D96DLGZ;
				GENERATE_INFOPLIST_FILE = YES;
				MARKETING_VERSION = 1.0;
				PRODUCT_BUNDLE_IDENTIFIER = com.jguo.LandmarksUITests;
				PRODUCT_NAME = "$(TARGET_NAME)";
				SWIFT_EMIT_LOC_STRINGS = NO;
				SWIFT_VERSION = 5.0;
				TARGETED_DEVICE_FAMILY = "1,2";
				TEST_TARGET_NAME = Landmarks;
			};
			name = Debug;
		};
		C95ACECB28610D5B002CD608 /* Release */ = {
			isa = XCBuildConfiguration;
			buildSettings = {
				ALWAYS_EMBED_SWIFT_STANDARD_LIBRARIES = YES;
				CODE_SIGN_STYLE = Automatic;
				CURRENT_PROJECT_VERSION = 1;
				DEVELOPMENT_TEAM = TK2D96DLGZ;
				GENERATE_INFOPLIST_FILE = YES;
				MARKETING_VERSION = 1.0;
				PRODUCT_BUNDLE_IDENTIFIER = com.jguo.LandmarksUITests;
				PRODUCT_NAME = "$(TARGET_NAME)";
				SWIFT_EMIT_LOC_STRINGS = NO;
				SWIFT_VERSION = 5.0;
				TARGETED_DEVICE_FAMILY = "1,2";
				TEST_TARGET_NAME = Landmarks;
			};
			name = Release;
		};
/* End XCBuildConfiguration section */

/* Begin XCConfigurationList section */
		C938D31B287D272800164E6C /* Build configuration list for PBXNativeTarget "WatchLandmarks WatchKit Extension" */ = {
			isa = XCConfigurationList;
			buildConfigurations = (
				C938D31C287D272800164E6C /* Debug */,
				C938D31D287D272800164E6C /* Release */,
			);
			defaultConfigurationIsVisible = 0;
			defaultConfigurationName = Release;
		};
		C938D31F287D272800164E6C /* Build configuration list for PBXNativeTarget "WatchLandmarks" */ = {
			isa = XCConfigurationList;
			buildConfigurations = (
				C938D320287D272800164E6C /* Debug */,
				C938D321287D272800164E6C /* Release */,
			);
			defaultConfigurationIsVisible = 0;
			defaultConfigurationName = Release;
		};
		C938D323287D272800164E6C /* Build configuration list for PBXNativeTarget "WatchLandmarksTests" */ = {
			isa = XCConfigurationList;
			buildConfigurations = (
				C938D324287D272800164E6C /* Debug */,
				C938D325287D272800164E6C /* Release */,
			);
			defaultConfigurationIsVisible = 0;
			defaultConfigurationName = Release;
		};
		C938D326287D272800164E6C /* Build configuration list for PBXNativeTarget "WatchLandmarksUITests" */ = {
			isa = XCConfigurationList;
			buildConfigurations = (
				C938D327287D272800164E6C /* Debug */,
				C938D328287D272800164E6C /* Release */,
			);
			defaultConfigurationIsVisible = 0;
			defaultConfigurationName = Release;
		};
		C941422E287F03EB00E393EB /* Build configuration list for PBXNativeTarget "MacLandmarks" */ = {
			isa = XCConfigurationList;
			buildConfigurations = (
				C9414228287F03EB00E393EB /* Debug */,
				C9414229287F03EB00E393EB /* Release */,
			);
			defaultConfigurationIsVisible = 0;
			defaultConfigurationName = Release;
		};
		C941422F287F03EB00E393EB /* Build configuration list for PBXNativeTarget "MacLandmarksTests" */ = {
			isa = XCConfigurationList;
			buildConfigurations = (
				C941422A287F03EB00E393EB /* Debug */,
				C941422B287F03EB00E393EB /* Release */,
			);
			defaultConfigurationIsVisible = 0;
			defaultConfigurationName = Release;
		};
		C9414230287F03EB00E393EB /* Build configuration list for PBXNativeTarget "MacLandmarksUITests" */ = {
			isa = XCConfigurationList;
			buildConfigurations = (
				C941422C287F03EB00E393EB /* Debug */,
				C941422D287F03EB00E393EB /* Release */,
			);
			defaultConfigurationIsVisible = 0;
			defaultConfigurationName = Release;
		};
		C95ACE9A28610D5A002CD608 /* Build configuration list for PBXProject "Landmarks" */ = {
			isa = XCConfigurationList;
			buildConfigurations = (
				C95ACEC128610D5B002CD608 /* Debug */,
				C95ACEC228610D5B002CD608 /* Release */,
			);
			defaultConfigurationIsVisible = 0;
			defaultConfigurationName = Release;
		};
		C95ACEC328610D5B002CD608 /* Build configuration list for PBXNativeTarget "Landmarks" */ = {
			isa = XCConfigurationList;
			buildConfigurations = (
				C95ACEC428610D5B002CD608 /* Debug */,
				C95ACEC528610D5B002CD608 /* Release */,
			);
			defaultConfigurationIsVisible = 0;
			defaultConfigurationName = Release;
		};
		C95ACEC628610D5B002CD608 /* Build configuration list for PBXNativeTarget "LandmarksTests" */ = {
			isa = XCConfigurationList;
			buildConfigurations = (
				C95ACEC728610D5B002CD608 /* Debug */,
				C95ACEC828610D5B002CD608 /* Release */,
			);
			defaultConfigurationIsVisible = 0;
			defaultConfigurationName = Release;
		};
		C95ACEC928610D5B002CD608 /* Build configuration list for PBXNativeTarget "LandmarksUITests" */ = {
			isa = XCConfigurationList;
			buildConfigurations = (
				C95ACECA28610D5B002CD608 /* Debug */,
				C95ACECB28610D5B002CD608 /* Release */,
			);
			defaultConfigurationIsVisible = 0;
			defaultConfigurationName = Release;
		};
/* End XCConfigurationList section */
	};
	rootObject = C95ACE9728610D5A002CD608 /* Project object */;
}
